// !$*UTF8*$!
{
	archiveVersion = 1;
	classes = {
	};
	objectVersion = 56;
	objects = {

/* Begin PBXBuildFile section */
		FB1952A52ABFD6990025BAFB /* CGPoint.swift in Sources */ = {isa = PBXBuildFile; fileRef = FB1952A42ABFD6990025BAFB /* CGPoint.swift */; };
		FB1952A82ABFD6C90025BAFB /* TitleButtonStyle.swift in Sources */ = {isa = PBXBuildFile; fileRef = FB1952A72ABFD6C90025BAFB /* TitleButtonStyle.swift */; };
		FB1952AB2ABFD6F60025BAFB /* Lattice.swift in Sources */ = {isa = PBXBuildFile; fileRef = FB1952AA2ABFD6F60025BAFB /* Lattice.swift */; };
		FB1952AE2ABFD76D0025BAFB /* RingMark.swift in Sources */ = {isa = PBXBuildFile; fileRef = FB1952AD2ABFD76D0025BAFB /* RingMark.swift */; };
		FB1952B02ABFE0B10025BAFB /* AnimationHelper.swift in Sources */ = {isa = PBXBuildFile; fileRef = FB1952AF2ABFE0B10025BAFB /* AnimationHelper.swift */; };
		FB1952B22ABFE1570025BAFB /* CrossMark.swift in Sources */ = {isa = PBXBuildFile; fileRef = FB1952B12ABFE1570025BAFB /* CrossMark.swift */; };
		FB1952B52ABFE2A00025BAFB /* MarkType.swift in Sources */ = {isa = PBXBuildFile; fileRef = FB1952B42ABFE2A00025BAFB /* MarkType.swift */; };
		FB1952B92ABFE2E80025BAFB /* Background.swift in Sources */ = {isa = PBXBuildFile; fileRef = FB1952B82ABFE2E80025BAFB /* Background.swift */; };
		FB1952BC2ABFE4C80025BAFB /* Animation.swift in Sources */ = {isa = PBXBuildFile; fileRef = FB1952BB2ABFE4C80025BAFB /* Animation.swift */; };
		FB1952BE2ABFF1660025BAFB /* Player.swift in Sources */ = {isa = PBXBuildFile; fileRef = FB1952BD2ABFF1660025BAFB /* Player.swift */; };
		FB1952C12ABFF40F0025BAFB /* Color.swift in Sources */ = {isa = PBXBuildFile; fileRef = FB1952C02ABFF40F0025BAFB /* Color.swift */; };
		FB8AA2202AC775E4000C0314 /* EnvironmentValues.swift in Sources */ = {isa = PBXBuildFile; fileRef = FB8AA21F2AC775E4000C0314 /* EnvironmentValues.swift */; };
		FB8AA2222AC77FA6000C0314 /* Tiles.swift in Sources */ = {isa = PBXBuildFile; fileRef = FB8AA2212AC77FA6000C0314 /* Tiles.swift */; };
		FB8AA2242AC91849000C0314 /* GameBoardView.swift in Sources */ = {isa = PBXBuildFile; fileRef = FB8AA2232AC91849000C0314 /* GameBoardView.swift */; };
		FB8AA2262AC95432000C0314 /* GameState.swift in Sources */ = {isa = PBXBuildFile; fileRef = FB8AA2252AC95432000C0314 /* GameState.swift */; };
		FB8AA2282AC9545B000C0314 /* GameBoard.swift in Sources */ = {isa = PBXBuildFile; fileRef = FB8AA2272AC9545B000C0314 /* GameBoard.swift */; };
		FB8AA22B2AC954DB000C0314 /* GameBoardObject.swift in Sources */ = {isa = PBXBuildFile; fileRef = FB8AA22A2AC954DB000C0314 /* GameBoardObject.swift */; };
		FB9B4E742ABE91F300132FBA /* App.swift in Sources */ = {isa = PBXBuildFile; fileRef = FB9B4E732ABE91F300132FBA /* App.swift */; };
		FB9B4E762ABE91F300132FBA /* ContentView.swift in Sources */ = {isa = PBXBuildFile; fileRef = FB9B4E752ABE91F300132FBA /* ContentView.swift */; };
		FB9B4E782ABE91F500132FBA /* Assets.xcassets in Resources */ = {isa = PBXBuildFile; fileRef = FB9B4E772ABE91F500132FBA /* Assets.xcassets */; };
		FB9B4E7C2ABE91F500132FBA /* Preview Assets.xcassets in Resources */ = {isa = PBXBuildFile; fileRef = FB9B4E7B2ABE91F500132FBA /* Preview Assets.xcassets */; };
		FB9B4E862ABE91F500132FBA /* TicTacToeTests.swift in Sources */ = {isa = PBXBuildFile; fileRef = FB9B4E852ABE91F500132FBA /* TicTacToeTests.swift */; };
		FB9B4E902ABE91F500132FBA /* TicTacToeUITests.swift in Sources */ = {isa = PBXBuildFile; fileRef = FB9B4E8F2ABE91F500132FBA /* TicTacToeUITests.swift */; };
		FB9B4E922ABE91F500132FBA /* TicTacToeUITestsLaunchTests.swift in Sources */ = {isa = PBXBuildFile; fileRef = FB9B4E912ABE91F500132FBA /* TicTacToeUITestsLaunchTests.swift */; };
		FBE625972AC97EAE00C945F7 /* PlayerMode.swift in Sources */ = {isa = PBXBuildFile; fileRef = FBE625962AC97EAE00C945F7 /* PlayerMode.swift */; };
/* End PBXBuildFile section */

/* Begin PBXContainerItemProxy section */
		FB9B4E822ABE91F500132FBA /* PBXContainerItemProxy */ = {
			isa = PBXContainerItemProxy;
			containerPortal = FB9B4E682ABE91F300132FBA /* Project object */;
			proxyType = 1;
			remoteGlobalIDString = FB9B4E6F2ABE91F300132FBA;
			remoteInfo = TicTacToe;
		};
		FB9B4E8C2ABE91F500132FBA /* PBXContainerItemProxy */ = {
			isa = PBXContainerItemProxy;
			containerPortal = FB9B4E682ABE91F300132FBA /* Project object */;
			proxyType = 1;
			remoteGlobalIDString = FB9B4E6F2ABE91F300132FBA;
			remoteInfo = TicTacToe;
		};
/* End PBXContainerItemProxy section */

/* Begin PBXFileReference section */
		FB1952A42ABFD6990025BAFB /* CGPoint.swift */ = {isa = PBXFileReference; lastKnownFileType = sourcecode.swift; path = CGPoint.swift; sourceTree = "<group>"; };
		FB1952A72ABFD6C90025BAFB /* TitleButtonStyle.swift */ = {isa = PBXFileReference; lastKnownFileType = sourcecode.swift; path = TitleButtonStyle.swift; sourceTree = "<group>"; };
		FB1952AA2ABFD6F60025BAFB /* Lattice.swift */ = {isa = PBXFileReference; lastKnownFileType = sourcecode.swift; path = Lattice.swift; sourceTree = "<group>"; };
		FB1952AD2ABFD76D0025BAFB /* RingMark.swift */ = {isa = PBXFileReference; lastKnownFileType = sourcecode.swift; path = RingMark.swift; sourceTree = "<group>"; };
		FB1952AF2ABFE0B10025BAFB /* AnimationHelper.swift */ = {isa = PBXFileReference; lastKnownFileType = sourcecode.swift; path = AnimationHelper.swift; sourceTree = "<group>"; };
		FB1952B12ABFE1570025BAFB /* CrossMark.swift */ = {isa = PBXFileReference; lastKnownFileType = sourcecode.swift; path = CrossMark.swift; sourceTree = "<group>"; };
		FB1952B42ABFE2A00025BAFB /* MarkType.swift */ = {isa = PBXFileReference; lastKnownFileType = sourcecode.swift; path = MarkType.swift; sourceTree = "<group>"; };
		FB1952B82ABFE2E80025BAFB /* Background.swift */ = {isa = PBXFileReference; lastKnownFileType = sourcecode.swift; path = Background.swift; sourceTree = "<group>"; };
		FB1952BB2ABFE4C80025BAFB /* Animation.swift */ = {isa = PBXFileReference; lastKnownFileType = sourcecode.swift; path = Animation.swift; sourceTree = "<group>"; };
		FB1952BD2ABFF1660025BAFB /* Player.swift */ = {isa = PBXFileReference; lastKnownFileType = sourcecode.swift; path = Player.swift; sourceTree = "<group>"; };
		FB1952C02ABFF40F0025BAFB /* Color.swift */ = {isa = PBXFileReference; lastKnownFileType = sourcecode.swift; path = Color.swift; sourceTree = "<group>"; };
		FB8AA21F2AC775E4000C0314 /* EnvironmentValues.swift */ = {isa = PBXFileReference; lastKnownFileType = sourcecode.swift; path = EnvironmentValues.swift; sourceTree = "<group>"; };
		FB8AA2212AC77FA6000C0314 /* Tiles.swift */ = {isa = PBXFileReference; lastKnownFileType = sourcecode.swift; path = Tiles.swift; sourceTree = "<group>"; };
		FB8AA2232AC91849000C0314 /* GameBoardView.swift */ = {isa = PBXFileReference; lastKnownFileType = sourcecode.swift; path = GameBoardView.swift; sourceTree = "<group>"; };
		FB8AA2252AC95432000C0314 /* GameState.swift */ = {isa = PBXFileReference; lastKnownFileType = sourcecode.swift; path = GameState.swift; sourceTree = "<group>"; };
		FB8AA2272AC9545B000C0314 /* GameBoard.swift */ = {isa = PBXFileReference; lastKnownFileType = sourcecode.swift; path = GameBoard.swift; sourceTree = "<group>"; };
		FB8AA22A2AC954DB000C0314 /* GameBoardObject.swift */ = {isa = PBXFileReference; lastKnownFileType = sourcecode.swift; path = GameBoardObject.swift; sourceTree = "<group>"; };
		FB9B4E702ABE91F300132FBA /* TicTacToe.app */ = {isa = PBXFileReference; explicitFileType = wrapper.application; includeInIndex = 0; path = TicTacToe.app; sourceTree = BUILT_PRODUCTS_DIR; };
		FB9B4E732ABE91F300132FBA /* App.swift */ = {isa = PBXFileReference; lastKnownFileType = sourcecode.swift; path = App.swift; sourceTree = "<group>"; };
		FB9B4E752ABE91F300132FBA /* ContentView.swift */ = {isa = PBXFileReference; lastKnownFileType = sourcecode.swift; path = ContentView.swift; sourceTree = "<group>"; };
		FB9B4E772ABE91F500132FBA /* Assets.xcassets */ = {isa = PBXFileReference; lastKnownFileType = folder.assetcatalog; path = Assets.xcassets; sourceTree = "<group>"; };
		FB9B4E792ABE91F500132FBA /* TicTacToe.entitlements */ = {isa = PBXFileReference; lastKnownFileType = text.plist.entitlements; path = TicTacToe.entitlements; sourceTree = "<group>"; };
		FB9B4E7B2ABE91F500132FBA /* Preview Assets.xcassets */ = {isa = PBXFileReference; lastKnownFileType = folder.assetcatalog; path = "Preview Assets.xcassets"; sourceTree = "<group>"; };
		FB9B4E812ABE91F500132FBA /* TicTacToeTests.xctest */ = {isa = PBXFileReference; explicitFileType = wrapper.cfbundle; includeInIndex = 0; path = TicTacToeTests.xctest; sourceTree = BUILT_PRODUCTS_DIR; };
		FB9B4E852ABE91F500132FBA /* TicTacToeTests.swift */ = {isa = PBXFileReference; lastKnownFileType = sourcecode.swift; path = TicTacToeTests.swift; sourceTree = "<group>"; };
		FB9B4E8B2ABE91F500132FBA /* TicTacToeUITests.xctest */ = {isa = PBXFileReference; explicitFileType = wrapper.cfbundle; includeInIndex = 0; path = TicTacToeUITests.xctest; sourceTree = BUILT_PRODUCTS_DIR; };
		FB9B4E8F2ABE91F500132FBA /* TicTacToeUITests.swift */ = {isa = PBXFileReference; lastKnownFileType = sourcecode.swift; path = TicTacToeUITests.swift; sourceTree = "<group>"; };
		FB9B4E912ABE91F500132FBA /* TicTacToeUITestsLaunchTests.swift */ = {isa = PBXFileReference; lastKnownFileType = sourcecode.swift; path = TicTacToeUITestsLaunchTests.swift; sourceTree = "<group>"; };
		FBE625962AC97EAE00C945F7 /* PlayerMode.swift */ = {isa = PBXFileReference; lastKnownFileType = sourcecode.swift; path = PlayerMode.swift; sourceTree = "<group>"; };
/* End PBXFileReference section */

/* Begin PBXFrameworksBuildPhase section */
		FB9B4E6D2ABE91F300132FBA /* Frameworks */ = {
			isa = PBXFrameworksBuildPhase;
			buildActionMask = 2147483647;
			files = (
			);
			runOnlyForDeploymentPostprocessing = 0;
		};
		FB9B4E7E2ABE91F500132FBA /* Frameworks */ = {
			isa = PBXFrameworksBuildPhase;
			buildActionMask = 2147483647;
			files = (
			);
			runOnlyForDeploymentPostprocessing = 0;
		};
		FB9B4E882ABE91F500132FBA /* Frameworks */ = {
			isa = PBXFrameworksBuildPhase;
			buildActionMask = 2147483647;
			files = (
			);
			runOnlyForDeploymentPostprocessing = 0;
		};
/* End PBXFrameworksBuildPhase section */

/* Begin PBXGroup section */
		FB1952A32ABFD6880025BAFB /* Utils */ = {
			isa = PBXGroup;
			children = (
				FB1952B62ABFE2BE0025BAFB /* Extensions */,
				FB1952B72ABFE2D90025BAFB /* Modifier */,
				FB1952A62ABFD6B40025BAFB /* Styles */,
			);
			path = Utils;
			sourceTree = "<group>";
		};
		FB1952A62ABFD6B40025BAFB /* Styles */ = {
			isa = PBXGroup;
			children = (
				FB1952A72ABFD6C90025BAFB /* TitleButtonStyle.swift */,
			);
			path = Styles;
			sourceTree = "<group>";
		};
		FB1952A92ABFD6E00025BAFB /* Views */ = {
			isa = PBXGroup;
			children = (
				FB1952AF2ABFE0B10025BAFB /* AnimationHelper.swift */,
				FB9B4E752ABE91F300132FBA /* ContentView.swift */,
				FB1952B12ABFE1570025BAFB /* CrossMark.swift */,
				FB8AA2232AC91849000C0314 /* GameBoardView.swift */,
				FB1952AA2ABFD6F60025BAFB /* Lattice.swift */,
				FB1952AD2ABFD76D0025BAFB /* RingMark.swift */,
				FB8AA2212AC77FA6000C0314 /* Tiles.swift */,
			);
			path = Views;
			sourceTree = "<group>";
		};
		FB1952AC2ABFD7450025BAFB /* App */ = {
			isa = PBXGroup;
			children = (
				FB9B4E732ABE91F300132FBA /* App.swift */,
			);
			path = App;
			sourceTree = "<group>";
		};
		FB1952B32ABFE2900025BAFB /* Entities */ = {
			isa = PBXGroup;
			children = (
				FB8AA2272AC9545B000C0314 /* GameBoard.swift */,
				FB8AA2252AC95432000C0314 /* GameState.swift */,
				FB1952B42ABFE2A00025BAFB /* MarkType.swift */,
				FB1952BD2ABFF1660025BAFB /* Player.swift */,
				FBE625962AC97EAE00C945F7 /* PlayerMode.swift */,
			);
			path = Entities;
			sourceTree = "<group>";
		};
		FB1952B62ABFE2BE0025BAFB /* Extensions */ = {
			isa = PBXGroup;
			children = (
				FB1952BB2ABFE4C80025BAFB /* Animation.swift */,
				FB1952A42ABFD6990025BAFB /* CGPoint.swift */,
				FB1952C02ABFF40F0025BAFB /* Color.swift */,
				FB8AA21F2AC775E4000C0314 /* EnvironmentValues.swift */,
			);
			path = Extensions;
			sourceTree = "<group>";
		};
		FB1952B72ABFE2D90025BAFB /* Modifier */ = {
			isa = PBXGroup;
			children = (
				FB1952B82ABFE2E80025BAFB /* Background.swift */,
			);
			path = Modifier;
			sourceTree = "<group>";
		};
		FB8AA2292AC954D2000C0314 /* Models */ = {
			isa = PBXGroup;
			children = (
				FB8AA22A2AC954DB000C0314 /* GameBoardObject.swift */,
			);
			path = Models;
			sourceTree = "<group>";
		};
		FB9B4E672ABE91F300132FBA = {
			isa = PBXGroup;
			children = (
				FB9B4E722ABE91F300132FBA /* TicTacToe */,
				FB9B4E842ABE91F500132FBA /* TicTacToeTests */,
				FB9B4E8E2ABE91F500132FBA /* TicTacToeUITests */,
				FB9B4E712ABE91F300132FBA /* Products */,
			);
			sourceTree = "<group>";
		};
		FB9B4E712ABE91F300132FBA /* Products */ = {
			isa = PBXGroup;
			children = (
				FB9B4E702ABE91F300132FBA /* TicTacToe.app */,
				FB9B4E812ABE91F500132FBA /* TicTacToeTests.xctest */,
				FB9B4E8B2ABE91F500132FBA /* TicTacToeUITests.xctest */,
			);
			name = Products;
			sourceTree = "<group>";
		};
		FB9B4E722ABE91F300132FBA /* TicTacToe */ = {
			isa = PBXGroup;
			children = (
				FB9B4E772ABE91F500132FBA /* Assets.xcassets */,
				FB9B4E792ABE91F500132FBA /* TicTacToe.entitlements */,
				FB1952AC2ABFD7450025BAFB /* App */,
				FB1952B32ABFE2900025BAFB /* Entities */,
				FB8AA2292AC954D2000C0314 /* Models */,
				FB9B4E7A2ABE91F500132FBA /* Preview Content */,
				FB1952A32ABFD6880025BAFB /* Utils */,
				FB1952A92ABFD6E00025BAFB /* Views */,
			);
			path = TicTacToe;
			sourceTree = "<group>";
		};
		FB9B4E7A2ABE91F500132FBA /* Preview Content */ = {
			isa = PBXGroup;
			children = (
				FB9B4E7B2ABE91F500132FBA /* Preview Assets.xcassets */,
			);
			path = "Preview Content";
			sourceTree = "<group>";
		};
		FB9B4E842ABE91F500132FBA /* TicTacToeTests */ = {
			isa = PBXGroup;
			children = (
				FB9B4E852ABE91F500132FBA /* TicTacToeTests.swift */,
			);
			path = TicTacToeTests;
			sourceTree = "<group>";
		};
		FB9B4E8E2ABE91F500132FBA /* TicTacToeUITests */ = {
			isa = PBXGroup;
			children = (
				FB9B4E8F2ABE91F500132FBA /* TicTacToeUITests.swift */,
				FB9B4E912ABE91F500132FBA /* TicTacToeUITestsLaunchTests.swift */,
			);
			path = TicTacToeUITests;
			sourceTree = "<group>";
		};
/* End PBXGroup section */

/* Begin PBXNativeTarget section */
		FB9B4E6F2ABE91F300132FBA /* TicTacToe */ = {
			isa = PBXNativeTarget;
			buildConfigurationList = FB9B4E952ABE91F500132FBA /* Build configuration list for PBXNativeTarget "TicTacToe" */;
			buildPhases = (
				FB9B4E6C2ABE91F300132FBA /* Sources */,
				FB9B4E6D2ABE91F300132FBA /* Frameworks */,
				FB9B4E6E2ABE91F300132FBA /* Resources */,
			);
			buildRules = (
			);
			dependencies = (
			);
			name = TicTacToe;
			productName = TicTacToe;
			productReference = FB9B4E702ABE91F300132FBA /* TicTacToe.app */;
			productType = "com.apple.product-type.application";
		};
		FB9B4E802ABE91F500132FBA /* TicTacToeTests */ = {
			isa = PBXNativeTarget;
			buildConfigurationList = FB9B4E982ABE91F500132FBA /* Build configuration list for PBXNativeTarget "TicTacToeTests" */;
			buildPhases = (
				FB9B4E7D2ABE91F500132FBA /* Sources */,
				FB9B4E7E2ABE91F500132FBA /* Frameworks */,
				FB9B4E7F2ABE91F500132FBA /* Resources */,
			);
			buildRules = (
			);
			dependencies = (
				FB9B4E832ABE91F500132FBA /* PBXTargetDependency */,
			);
			name = TicTacToeTests;
			productName = TicTacToeTests;
			productReference = FB9B4E812ABE91F500132FBA /* TicTacToeTests.xctest */;
			productType = "com.apple.product-type.bundle.unit-test";
		};
		FB9B4E8A2ABE91F500132FBA /* TicTacToeUITests */ = {
			isa = PBXNativeTarget;
			buildConfigurationList = FB9B4E9B2ABE91F500132FBA /* Build configuration list for PBXNativeTarget "TicTacToeUITests" */;
			buildPhases = (
				FB9B4E872ABE91F500132FBA /* Sources */,
				FB9B4E882ABE91F500132FBA /* Frameworks */,
				FB9B4E892ABE91F500132FBA /* Resources */,
			);
			buildRules = (
			);
			dependencies = (
				FB9B4E8D2ABE91F500132FBA /* PBXTargetDependency */,
			);
			name = TicTacToeUITests;
			productName = TicTacToeUITests;
			productReference = FB9B4E8B2ABE91F500132FBA /* TicTacToeUITests.xctest */;
			productType = "com.apple.product-type.bundle.ui-testing";
		};
/* End PBXNativeTarget section */

/* Begin PBXProject section */
		FB9B4E682ABE91F300132FBA /* Project object */ = {
			isa = PBXProject;
			attributes = {
				BuildIndependentTargetsInParallel = 1;
				LastSwiftUpdateCheck = 1500;
				LastUpgradeCheck = 1500;
				TargetAttributes = {
					FB9B4E6F2ABE91F300132FBA = {
						CreatedOnToolsVersion = 15.0;
					};
					FB9B4E802ABE91F500132FBA = {
						CreatedOnToolsVersion = 15.0;
						TestTargetID = FB9B4E6F2ABE91F300132FBA;
					};
					FB9B4E8A2ABE91F500132FBA = {
						CreatedOnToolsVersion = 15.0;
						TestTargetID = FB9B4E6F2ABE91F300132FBA;
					};
				};
			};
			buildConfigurationList = FB9B4E6B2ABE91F300132FBA /* Build configuration list for PBXProject "TicTacToe" */;
			compatibilityVersion = "Xcode 14.0";
			developmentRegion = en;
			hasScannedForEncodings = 0;
			knownRegions = (
				en,
				Base,
			);
			mainGroup = FB9B4E672ABE91F300132FBA;
			productRefGroup = FB9B4E712ABE91F300132FBA /* Products */;
			projectDirPath = "";
			projectRoot = "";
			targets = (
				FB9B4E6F2ABE91F300132FBA /* TicTacToe */,
				FB9B4E802ABE91F500132FBA /* TicTacToeTests */,
				FB9B4E8A2ABE91F500132FBA /* TicTacToeUITests */,
			);
		};
/* End PBXProject section */

/* Begin PBXResourcesBuildPhase section */
		FB9B4E6E2ABE91F300132FBA /* Resources */ = {
			isa = PBXResourcesBuildPhase;
			buildActionMask = 2147483647;
			files = (
				FB9B4E7C2ABE91F500132FBA /* Preview Assets.xcassets in Resources */,
				FB9B4E782ABE91F500132FBA /* Assets.xcassets in Resources */,
			);
			runOnlyForDeploymentPostprocessing = 0;
		};
		FB9B4E7F2ABE91F500132FBA /* Resources */ = {
			isa = PBXResourcesBuildPhase;
			buildActionMask = 2147483647;
			files = (
			);
			runOnlyForDeploymentPostprocessing = 0;
		};
		FB9B4E892ABE91F500132FBA /* Resources */ = {
			isa = PBXResourcesBuildPhase;
			buildActionMask = 2147483647;
			files = (
			);
			runOnlyForDeploymentPostprocessing = 0;
		};
/* End PBXResourcesBuildPhase section */

/* Begin PBXSourcesBuildPhase section */
		FB9B4E6C2ABE91F300132FBA /* Sources */ = {
			isa = PBXSourcesBuildPhase;
			buildActionMask = 2147483647;
			files = (
				FB1952BC2ABFE4C80025BAFB /* Animation.swift in Sources */,
				FB1952A82ABFD6C90025BAFB /* TitleButtonStyle.swift in Sources */,
				FB1952B02ABFE0B10025BAFB /* AnimationHelper.swift in Sources */,
				FB1952B52ABFE2A00025BAFB /* MarkType.swift in Sources */,
				FB1952C12ABFF40F0025BAFB /* Color.swift in Sources */,
				FBE625972AC97EAE00C945F7 /* PlayerMode.swift in Sources */,
				FB1952BE2ABFF1660025BAFB /* Player.swift in Sources */,
				FB8AA22B2AC954DB000C0314 /* GameBoardObject.swift in Sources */,
				FB9B4E762ABE91F300132FBA /* ContentView.swift in Sources */,
				FB8AA2202AC775E4000C0314 /* EnvironmentValues.swift in Sources */,
				FB8AA2262AC95432000C0314 /* GameState.swift in Sources */,
				FB1952A52ABFD6990025BAFB /* CGPoint.swift in Sources */,
				FB8AA2282AC9545B000C0314 /* GameBoard.swift in Sources */,
				FB9B4E742ABE91F300132FBA /* App.swift in Sources */,
				FB1952AE2ABFD76D0025BAFB /* RingMark.swift in Sources */,
				FB8AA2242AC91849000C0314 /* GameBoardView.swift in Sources */,
				FB8AA2222AC77FA6000C0314 /* Tiles.swift in Sources */,
				FB1952AB2ABFD6F60025BAFB /* Lattice.swift in Sources */,
				FB1952B22ABFE1570025BAFB /* CrossMark.swift in Sources */,
				FB1952B92ABFE2E80025BAFB /* Background.swift in Sources */,
			);
			runOnlyForDeploymentPostprocessing = 0;
		};
		FB9B4E7D2ABE91F500132FBA /* Sources */ = {
			isa = PBXSourcesBuildPhase;
			buildActionMask = 2147483647;
			files = (
				FB9B4E862ABE91F500132FBA /* TicTacToeTests.swift in Sources */,
			);
			runOnlyForDeploymentPostprocessing = 0;
		};
		FB9B4E872ABE91F500132FBA /* Sources */ = {
			isa = PBXSourcesBuildPhase;
			buildActionMask = 2147483647;
			files = (
				FB9B4E902ABE91F500132FBA /* TicTacToeUITests.swift in Sources */,
				FB9B4E922ABE91F500132FBA /* TicTacToeUITestsLaunchTests.swift in Sources */,
			);
			runOnlyForDeploymentPostprocessing = 0;
		};
/* End PBXSourcesBuildPhase section */

/* Begin PBXTargetDependency section */
		FB9B4E832ABE91F500132FBA /* PBXTargetDependency */ = {
			isa = PBXTargetDependency;
			target = FB9B4E6F2ABE91F300132FBA /* TicTacToe */;
			targetProxy = FB9B4E822ABE91F500132FBA /* PBXContainerItemProxy */;
		};
		FB9B4E8D2ABE91F500132FBA /* PBXTargetDependency */ = {
			isa = PBXTargetDependency;
			target = FB9B4E6F2ABE91F300132FBA /* TicTacToe */;
			targetProxy = FB9B4E8C2ABE91F500132FBA /* PBXContainerItemProxy */;
		};
/* End PBXTargetDependency section */

/* Begin XCBuildConfiguration section */
		FB9B4E932ABE91F500132FBA /* Debug */ = {
			isa = XCBuildConfiguration;
			buildSettings = {
				ALWAYS_SEARCH_USER_PATHS = NO;
				ASSETCATALOG_COMPILER_GENERATE_SWIFT_ASSET_SYMBOL_EXTENSIONS = YES;
				CLANG_ANALYZER_NONNULL = YES;
				CLANG_ANALYZER_NUMBER_OBJECT_CONVERSION = YES_AGGRESSIVE;
				CLANG_CXX_LANGUAGE_STANDARD = "gnu++20";
				CLANG_ENABLE_MODULES = YES;
				CLANG_ENABLE_OBJC_ARC = YES;
				CLANG_ENABLE_OBJC_WEAK = YES;
				CLANG_WARN_BLOCK_CAPTURE_AUTORELEASING = YES;
				CLANG_WARN_BOOL_CONVERSION = YES;
				CLANG_WARN_COMMA = YES;
				CLANG_WARN_CONSTANT_CONVERSION = YES;
				CLANG_WARN_DEPRECATED_OBJC_IMPLEMENTATIONS = YES;
				CLANG_WARN_DIRECT_OBJC_ISA_USAGE = YES_ERROR;
				CLANG_WARN_DOCUMENTATION_COMMENTS = YES;
				CLANG_WARN_EMPTY_BODY = YES;
				CLANG_WARN_ENUM_CONVERSION = YES;
				CLANG_WARN_INFINITE_RECURSION = YES;
				CLANG_WARN_INT_CONVERSION = YES;
				CLANG_WARN_NON_LITERAL_NULL_CONVERSION = YES;
				CLANG_WARN_OBJC_IMPLICIT_RETAIN_SELF = YES;
				CLANG_WARN_OBJC_LITERAL_CONVERSION = YES;
				CLANG_WARN_OBJC_ROOT_CLASS = YES_ERROR;
				CLANG_WARN_QUOTED_INCLUDE_IN_FRAMEWORK_HEADER = YES;
				CLANG_WARN_RANGE_LOOP_ANALYSIS = YES;
				CLANG_WARN_STRICT_PROTOTYPES = YES;
				CLANG_WARN_SUSPICIOUS_MOVE = YES;
				CLANG_WARN_UNGUARDED_AVAILABILITY = YES_AGGRESSIVE;
				CLANG_WARN_UNREACHABLE_CODE = YES;
				CLANG_WARN__DUPLICATE_METHOD_MATCH = YES;
				COPY_PHASE_STRIP = NO;
				DEBUG_INFORMATION_FORMAT = dwarf;
				ENABLE_STRICT_OBJC_MSGSEND = YES;
				ENABLE_TESTABILITY = YES;
				ENABLE_USER_SCRIPT_SANDBOXING = YES;
				GCC_C_LANGUAGE_STANDARD = gnu17;
				GCC_DYNAMIC_NO_PIC = NO;
				GCC_NO_COMMON_BLOCKS = YES;
				GCC_OPTIMIZATION_LEVEL = 0;
				GCC_PREPROCESSOR_DEFINITIONS = (
					"DEBUG=1",
					"$(inherited)",
				);
				GCC_WARN_64_TO_32_BIT_CONVERSION = YES;
				GCC_WARN_ABOUT_RETURN_TYPE = YES_ERROR;
				GCC_WARN_UNDECLARED_SELECTOR = YES;
				GCC_WARN_UNINITIALIZED_AUTOS = YES_AGGRESSIVE;
				GCC_WARN_UNUSED_FUNCTION = YES;
				GCC_WARN_UNUSED_VARIABLE = YES;
				LOCALIZATION_PREFERS_STRING_CATALOGS = YES;
				MTL_ENABLE_DEBUG_INFO = INCLUDE_SOURCE;
				MTL_FAST_MATH = YES;
				ONLY_ACTIVE_ARCH = YES;
				SWIFT_ACTIVE_COMPILATION_CONDITIONS = "DEBUG $(inherited)";
				SWIFT_OPTIMIZATION_LEVEL = "-Onone";
			};
			name = Debug;
		};
		FB9B4E942ABE91F500132FBA /* Release */ = {
			isa = XCBuildConfiguration;
			buildSettings = {
				ALWAYS_SEARCH_USER_PATHS = NO;
				ASSETCATALOG_COMPILER_GENERATE_SWIFT_ASSET_SYMBOL_EXTENSIONS = YES;
				CLANG_ANALYZER_NONNULL = YES;
				CLANG_ANALYZER_NUMBER_OBJECT_CONVERSION = YES_AGGRESSIVE;
				CLANG_CXX_LANGUAGE_STANDARD = "gnu++20";
				CLANG_ENABLE_MODULES = YES;
				CLANG_ENABLE_OBJC_ARC = YES;
				CLANG_ENABLE_OBJC_WEAK = YES;
				CLANG_WARN_BLOCK_CAPTURE_AUTORELEASING = YES;
				CLANG_WARN_BOOL_CONVERSION = YES;
				CLANG_WARN_COMMA = YES;
				CLANG_WARN_CONSTANT_CONVERSION = YES;
				CLANG_WARN_DEPRECATED_OBJC_IMPLEMENTATIONS = YES;
				CLANG_WARN_DIRECT_OBJC_ISA_USAGE = YES_ERROR;
				CLANG_WARN_DOCUMENTATION_COMMENTS = YES;
				CLANG_WARN_EMPTY_BODY = YES;
				CLANG_WARN_ENUM_CONVERSION = YES;
				CLANG_WARN_INFINITE_RECURSION = YES;
				CLANG_WARN_INT_CONVERSION = YES;
				CLANG_WARN_NON_LITERAL_NULL_CONVERSION = YES;
				CLANG_WARN_OBJC_IMPLICIT_RETAIN_SELF = YES;
				CLANG_WARN_OBJC_LITERAL_CONVERSION = YES;
				CLANG_WARN_OBJC_ROOT_CLASS = YES_ERROR;
				CLANG_WARN_QUOTED_INCLUDE_IN_FRAMEWORK_HEADER = YES;
				CLANG_WARN_RANGE_LOOP_ANALYSIS = YES;
				CLANG_WARN_STRICT_PROTOTYPES = YES;
				CLANG_WARN_SUSPICIOUS_MOVE = YES;
				CLANG_WARN_UNGUARDED_AVAILABILITY = YES_AGGRESSIVE;
				CLANG_WARN_UNREACHABLE_CODE = YES;
				CLANG_WARN__DUPLICATE_METHOD_MATCH = YES;
				COPY_PHASE_STRIP = NO;
				DEBUG_INFORMATION_FORMAT = "dwarf-with-dsym";
				ENABLE_NS_ASSERTIONS = NO;
				ENABLE_STRICT_OBJC_MSGSEND = YES;
				ENABLE_USER_SCRIPT_SANDBOXING = YES;
				GCC_C_LANGUAGE_STANDARD = gnu17;
				GCC_NO_COMMON_BLOCKS = YES;
				GCC_WARN_64_TO_32_BIT_CONVERSION = YES;
				GCC_WARN_ABOUT_RETURN_TYPE = YES_ERROR;
				GCC_WARN_UNDECLARED_SELECTOR = YES;
				GCC_WARN_UNINITIALIZED_AUTOS = YES_AGGRESSIVE;
				GCC_WARN_UNUSED_FUNCTION = YES;
				GCC_WARN_UNUSED_VARIABLE = YES;
				LOCALIZATION_PREFERS_STRING_CATALOGS = YES;
				MTL_ENABLE_DEBUG_INFO = NO;
				MTL_FAST_MATH = YES;
				SWIFT_COMPILATION_MODE = wholemodule;
			};
			name = Release;
		};
		FB9B4E962ABE91F500132FBA /* Debug */ = {
			isa = XCBuildConfiguration;
			buildSettings = {
				ASSETCATALOG_COMPILER_APPICON_NAME = AppIcon;
				ASSETCATALOG_COMPILER_GLOBAL_ACCENT_COLOR_NAME = AccentColor;
				CODE_SIGN_ENTITLEMENTS = TicTacToe/TicTacToe.entitlements;
				CODE_SIGN_STYLE = Automatic;
				CURRENT_PROJECT_VERSION = 1;
				DEVELOPMENT_ASSET_PATHS = "\"TicTacToe/Preview Content\"";
				DEVELOPMENT_TEAM = L2S68XMK99;
				ENABLE_HARDENED_RUNTIME = YES;
				ENABLE_PREVIEWS = YES;
				GENERATE_INFOPLIST_FILE = YES;
				"INFOPLIST_KEY_UIApplicationSceneManifest_Generation[sdk=iphoneos*]" = YES;
				"INFOPLIST_KEY_UIApplicationSceneManifest_Generation[sdk=iphonesimulator*]" = YES;
				"INFOPLIST_KEY_UIApplicationSupportsIndirectInputEvents[sdk=iphoneos*]" = YES;
				"INFOPLIST_KEY_UIApplicationSupportsIndirectInputEvents[sdk=iphonesimulator*]" = YES;
				"INFOPLIST_KEY_UILaunchScreen_Generation[sdk=iphoneos*]" = YES;
				"INFOPLIST_KEY_UILaunchScreen_Generation[sdk=iphonesimulator*]" = YES;
				"INFOPLIST_KEY_UIStatusBarStyle[sdk=iphoneos*]" = UIStatusBarStyleDefault;
				"INFOPLIST_KEY_UIStatusBarStyle[sdk=iphonesimulator*]" = UIStatusBarStyleDefault;
				INFOPLIST_KEY_UISupportedInterfaceOrientations_iPad = "UIInterfaceOrientationPortrait UIInterfaceOrientationPortraitUpsideDown UIInterfaceOrientationLandscapeLeft UIInterfaceOrientationLandscapeRight";
				INFOPLIST_KEY_UISupportedInterfaceOrientations_iPhone = "UIInterfaceOrientationPortrait UIInterfaceOrientationLandscapeLeft UIInterfaceOrientationLandscapeRight";
				IPHONEOS_DEPLOYMENT_TARGET = 17.0;
				LD_RUNPATH_SEARCH_PATHS = "@executable_path/Frameworks";
				"LD_RUNPATH_SEARCH_PATHS[sdk=macosx*]" = "@executable_path/../Frameworks";
				MACOSX_DEPLOYMENT_TARGET = 14.0;
				MARKETING_VERSION = 1.0;
				PRODUCT_BUNDLE_IDENTIFIER = "-.TicTacToe";
				PRODUCT_NAME = "$(TARGET_NAME)";
				SDKROOT = auto;
				SUPPORTED_PLATFORMS = "iphoneos iphonesimulator macosx";
				SWIFT_EMIT_LOC_STRINGS = YES;
				SWIFT_VERSION = 5.0;
				TARGETED_DEVICE_FAMILY = "1,2";
			};
			name = Debug;
		};
		FB9B4E972ABE91F500132FBA /* Release */ = {
			isa = XCBuildConfiguration;
			buildSettings = {
				ASSETCATALOG_COMPILER_APPICON_NAME = AppIcon;
				ASSETCATALOG_COMPILER_GLOBAL_ACCENT_COLOR_NAME = AccentColor;
				CODE_SIGN_ENTITLEMENTS = TicTacToe/TicTacToe.entitlements;
				CODE_SIGN_STYLE = Automatic;
				CURRENT_PROJECT_VERSION = 1;
				DEVELOPMENT_ASSET_PATHS = "\"TicTacToe/Preview Content\"";
				DEVELOPMENT_TEAM = L2S68XMK99;
				ENABLE_HARDENED_RUNTIME = YES;
				ENABLE_PREVIEWS = YES;
				GENERATE_INFOPLIST_FILE = YES;
				"INFOPLIST_KEY_UIApplicationSceneManifest_Generation[sdk=iphoneos*]" = YES;
				"INFOPLIST_KEY_UIApplicationSceneManifest_Generation[sdk=iphonesimulator*]" = YES;
				"INFOPLIST_KEY_UIApplicationSupportsIndirectInputEvents[sdk=iphoneos*]" = YES;
				"INFOPLIST_KEY_UIApplicationSupportsIndirectInputEvents[sdk=iphonesimulator*]" = YES;
				"INFOPLIST_KEY_UILaunchScreen_Generation[sdk=iphoneos*]" = YES;
				"INFOPLIST_KEY_UILaunchScreen_Generation[sdk=iphonesimulator*]" = YES;
				"INFOPLIST_KEY_UIStatusBarStyle[sdk=iphoneos*]" = UIStatusBarStyleDefault;
				"INFOPLIST_KEY_UIStatusBarStyle[sdk=iphonesimulator*]" = UIStatusBarStyleDefault;
				INFOPLIST_KEY_UISupportedInterfaceOrientations_iPad = "UIInterfaceOrientationPortrait UIInterfaceOrientationPortraitUpsideDown UIInterfaceOrientationLandscapeLeft UIInterfaceOrientationLandscapeRight";
				INFOPLIST_KEY_UISupportedInterfaceOrientations_iPhone = "UIInterfaceOrientationPortrait UIInterfaceOrientationLandscapeLeft UIInterfaceOrientationLandscapeRight";
				IPHONEOS_DEPLOYMENT_TARGET = 17.0;
				LD_RUNPATH_SEARCH_PATHS = "@executable_path/Frameworks";
				"LD_RUNPATH_SEARCH_PATHS[sdk=macosx*]" = "@executable_path/../Frameworks";
				MACOSX_DEPLOYMENT_TARGET = 14.0;
				MARKETING_VERSION = 1.0;
				PRODUCT_BUNDLE_IDENTIFIER = "-.TicTacToe";
				PRODUCT_NAME = "$(TARGET_NAME)";
				SDKROOT = auto;
				SUPPORTED_PLATFORMS = "iphoneos iphonesimulator macosx";
				SWIFT_EMIT_LOC_STRINGS = YES;
				SWIFT_VERSION = 5.0;
				TARGETED_DEVICE_FAMILY = "1,2";
			};
			name = Release;
		};
		FB9B4E992ABE91F500132FBA /* Debug */ = {
			isa = XCBuildConfiguration;
			buildSettings = {
				ALWAYS_EMBED_SWIFT_STANDARD_LIBRARIES = YES;
				BUNDLE_LOADER = "$(TEST_HOST)";
				CODE_SIGN_STYLE = Automatic;
				CURRENT_PROJECT_VERSION = 1;
				DEVELOPMENT_TEAM = L2S68XMK99;
				GENERATE_INFOPLIST_FILE = YES;
				IPHONEOS_DEPLOYMENT_TARGET = 17.0;
				MACOSX_DEPLOYMENT_TARGET = 14.0;
				MARKETING_VERSION = 1.0;
				PRODUCT_BUNDLE_IDENTIFIER = "-.TicTacToeTests";
				PRODUCT_NAME = "$(TARGET_NAME)";
				SDKROOT = auto;
				SUPPORTED_PLATFORMS = "iphoneos iphonesimulator macosx";
				SWIFT_EMIT_LOC_STRINGS = NO;
				SWIFT_VERSION = 5.0;
				TARGETED_DEVICE_FAMILY = "1,2";
				TEST_HOST = "$(BUILT_PRODUCTS_DIR)/TicTacToe.app/$(BUNDLE_EXECUTABLE_FOLDER_PATH)/TicTacToe";
			};
			name = Debug;
		};
		FB9B4E9A2ABE91F500132FBA /* Release */ = {
			isa = XCBuildConfiguration;
			buildSettings = {
				ALWAYS_EMBED_SWIFT_STANDARD_LIBRARIES = YES;
				BUNDLE_LOADER = "$(TEST_HOST)";
				CODE_SIGN_STYLE = Automatic;
				CURRENT_PROJECT_VERSION = 1;
				DEVELOPMENT_TEAM = L2S68XMK99;
				GENERATE_INFOPLIST_FILE = YES;
				IPHONEOS_DEPLOYMENT_TARGET = 17.0;
				MACOSX_DEPLOYMENT_TARGET = 14.0;
				MARKETING_VERSION = 1.0;
				PRODUCT_BUNDLE_IDENTIFIER = "-.TicTacToeTests";
				PRODUCT_NAME = "$(TARGET_NAME)";
				SDKROOT = auto;
				SUPPORTED_PLATFORMS = "iphoneos iphonesimulator macosx";
				SWIFT_EMIT_LOC_STRINGS = NO;
				SWIFT_VERSION = 5.0;
				TARGETED_DEVICE_FAMILY = "1,2";
				TEST_HOST = "$(BUILT_PRODUCTS_DIR)/TicTacToe.app/$(BUNDLE_EXECUTABLE_FOLDER_PATH)/TicTacToe";
			};
			name = Release;
		};
		FB9B4E9C2ABE91F500132FBA /* Debug */ = {
			isa = XCBuildConfiguration;
			buildSettings = {
				ALWAYS_EMBED_SWIFT_STANDARD_LIBRARIES = YES;
				CODE_SIGN_STYLE = Automatic;
				CURRENT_PROJECT_VERSION = 1;
				DEVELOPMENT_TEAM = L2S68XMK99;
				GENERATE_INFOPLIST_FILE = YES;
				IPHONEOS_DEPLOYMENT_TARGET = 17.0;
				MACOSX_DEPLOYMENT_TARGET = 14.0;
				MARKETING_VERSION = 1.0;
				PRODUCT_BUNDLE_IDENTIFIER = "-.TicTacToeUITests";
				PRODUCT_NAME = "$(TARGET_NAME)";
				SDKROOT = auto;
				SUPPORTED_PLATFORMS = "iphoneos iphonesimulator macosx";
				SWIFT_EMIT_LOC_STRINGS = NO;
				SWIFT_VERSION = 5.0;
				TARGETED_DEVICE_FAMILY = "1,2";
				TEST_TARGET_NAME = TicTacToe;
			};
			name = Debug;
		};
		FB9B4E9D2ABE91F500132FBA /* Release */ = {
			isa = XCBuildConfiguration;
			buildSettings = {
				ALWAYS_EMBED_SWIFT_STANDARD_LIBRARIES = YES;
				CODE_SIGN_STYLE = Automatic;
				CURRENT_PROJECT_VERSION = 1;
				DEVELOPMENT_TEAM = L2S68XMK99;
				GENERATE_INFOPLIST_FILE = YES;
				IPHONEOS_DEPLOYMENT_TARGET = 17.0;
				MACOSX_DEPLOYMENT_TARGET = 14.0;
				MARKETING_VERSION = 1.0;
				PRODUCT_BUNDLE_IDENTIFIER = "-.TicTacToeUITests";
				PRODUCT_NAME = "$(TARGET_NAME)";
				SDKROOT = auto;
				SUPPORTED_PLATFORMS = "iphoneos iphonesimulator macosx";
				SWIFT_EMIT_LOC_STRINGS = NO;
				SWIFT_VERSION = 5.0;
				TARGETED_DEVICE_FAMILY = "1,2";
				TEST_TARGET_NAME = TicTacToe;
			};
			name = Release;
		};
/* End XCBuildConfiguration section */

/* Begin XCConfigurationList section */
		FB9B4E6B2ABE91F300132FBA /* Build configuration list for PBXProject "TicTacToe" */ = {
			isa = XCConfigurationList;
			buildConfigurations = (
				FB9B4E932ABE91F500132FBA /* Debug */,
				FB9B4E942ABE91F500132FBA /* Release */,
			);
			defaultConfigurationIsVisible = 0;
			defaultConfigurationName = Release;
		};
		FB9B4E952ABE91F500132FBA /* Build configuration list for PBXNativeTarget "TicTacToe" */ = {
			isa = XCConfigurationList;
			buildConfigurations = (
				FB9B4E962ABE91F500132FBA /* Debug */,
				FB9B4E972ABE91F500132FBA /* Release */,
			);
			defaultConfigurationIsVisible = 0;
			defaultConfigurationName = Release;
		};
		FB9B4E982ABE91F500132FBA /* Build configuration list for PBXNativeTarget "TicTacToeTests" */ = {
			isa = XCConfigurationList;
			buildConfigurations = (
				FB9B4E992ABE91F500132FBA /* Debug */,
				FB9B4E9A2ABE91F500132FBA /* Release */,
			);
			defaultConfigurationIsVisible = 0;
			defaultConfigurationName = Release;
		};
		FB9B4E9B2ABE91F500132FBA /* Build configuration list for PBXNativeTarget "TicTacToeUITests" */ = {
			isa = XCConfigurationList;
			buildConfigurations = (
				FB9B4E9C2ABE91F500132FBA /* Debug */,
				FB9B4E9D2ABE91F500132FBA /* Release */,
			);
			defaultConfigurationIsVisible = 0;
			defaultConfigurationName = Release;
		};
/* End XCConfigurationList section */
	};
	rootObject = FB9B4E682ABE91F300132FBA /* Project object */;
}
