// !$*UTF8*$!
{
	archiveVersion = 1;
	classes = {
	};
	objectVersion = 70;
	objects = {

/* Begin PBXBuildFile section */
		FB7670C92CA78E2C002BC3C0 /* WidgetKit.framework in Frameworks */ = {isa = PBXBuildFile; fileRef = FB7670C82CA78E2C002BC3C0 /* WidgetKit.framework */; };
		FB7670CB2CA78E2C002BC3C0 /* SwiftUI.framework in Frameworks */ = {isa = PBXBuildFile; fileRef = FB7670CA2CA78E2C002BC3C0 /* SwiftUI.framework */; };
		FB7670D72CA78E2E002BC3C0 /* TicTacToeWidget.appex in Embed Foundation Extensions */ = {isa = PBXBuildFile; fileRef = FB7670C72CA78E2C002BC3C0 /* TicTacToeWidget.appex */; settings = {ATTRIBUTES = (RemoveHeadersOnCopy, ); }; };
		FB97AB8E2CA24819000AD13B /* TicTacToeWatch.app in Embed Watch Content */ = {isa = PBXBuildFile; fileRef = FB97AB812CA24817000AD13B /* TicTacToeWatch.app */; platformFilter = ios; settings = {ATTRIBUTES = (RemoveHeadersOnCopy, ); }; };
		FBB0DA4A2CA26A42003681DE /* TicTacToeCore in Frameworks */ = {isa = PBXBuildFile; productRef = FBB0DA492CA26A42003681DE /* TicTacToeCore */; };
		FBB0DA4C2CA26A7D003681DE /* TicTacToeCore in Frameworks */ = {isa = PBXBuildFile; productRef = FBB0DA4B2CA26A7D003681DE /* TicTacToeCore */; };
		FBB4DC062CA9093700C84F47 /* WidgetKit.framework in Frameworks */ = {isa = PBXBuildFile; fileRef = FB7670C82CA78E2C002BC3C0 /* WidgetKit.framework */; };
		FBB4DC072CA9093700C84F47 /* SwiftUI.framework in Frameworks */ = {isa = PBXBuildFile; fileRef = FB7670CA2CA78E2C002BC3C0 /* SwiftUI.framework */; };
		FBB4DC102CA9093800C84F47 /* TicTacToeWidgetWatch.appex in Embed Foundation Extensions */ = {isa = PBXBuildFile; fileRef = FBB4DC052CA9093700C84F47 /* TicTacToeWidgetWatch.appex */; settings = {ATTRIBUTES = (RemoveHeadersOnCopy, ); }; };
		FBCD740B2CB10B54001CB7A7 /* TicTacToeWidgetCore in Frameworks */ = {isa = PBXBuildFile; productRef = FBCD740A2CB10B54001CB7A7 /* TicTacToeWidgetCore */; };
		FBCD740D2CB10B59001CB7A7 /* TicTacToeWidgetCore in Frameworks */ = {isa = PBXBuildFile; productRef = FBCD740C2CB10B59001CB7A7 /* TicTacToeWidgetCore */; };
/* End PBXBuildFile section */

/* Begin PBXContainerItemProxy section */
		FB7670D52CA78E2E002BC3C0 /* PBXContainerItemProxy */ = {
			isa = PBXContainerItemProxy;
			containerPortal = FB9B4E682ABE91F300132FBA /* Project object */;
			proxyType = 1;
			remoteGlobalIDString = FB7670C62CA78E2C002BC3C0;
			remoteInfo = TicTacToeWidgetExtension;
		};
		FB97AB8C2CA24819000AD13B /* PBXContainerItemProxy */ = {
			isa = PBXContainerItemProxy;
			containerPortal = FB9B4E682ABE91F300132FBA /* Project object */;
			proxyType = 1;
			remoteGlobalIDString = FB97AB802CA24817000AD13B;
			remoteInfo = "TicTacToeWatch-for-iOS Watch App";
		};
		FBB4DC0E2CA9093800C84F47 /* PBXContainerItemProxy */ = {
			isa = PBXContainerItemProxy;
			containerPortal = FB9B4E682ABE91F300132FBA /* Project object */;
			proxyType = 1;
			remoteGlobalIDString = FBB4DC042CA9093700C84F47;
			remoteInfo = TicTacToeWidgetWatchExtension;
		};
/* End PBXContainerItemProxy section */

/* Begin PBXCopyFilesBuildPhase section */
		FB7670D82CA78E2E002BC3C0 /* Embed Foundation Extensions */ = {
			isa = PBXCopyFilesBuildPhase;
			buildActionMask = 2147483647;
			dstPath = "";
			dstSubfolderSpec = 13;
			files = (
				FB7670D72CA78E2E002BC3C0 /* TicTacToeWidget.appex in Embed Foundation Extensions */,
			);
			name = "Embed Foundation Extensions";
			runOnlyForDeploymentPostprocessing = 0;
		};
		FB97AB8F2CA24819000AD13B /* Embed Watch Content */ = {
			isa = PBXCopyFilesBuildPhase;
			buildActionMask = 2147483647;
			dstPath = "$(CONTENTS_FOLDER_PATH)/Watch";
			dstSubfolderSpec = 16;
			files = (
				FB97AB8E2CA24819000AD13B /* TicTacToeWatch.app in Embed Watch Content */,
			);
			name = "Embed Watch Content";
			runOnlyForDeploymentPostprocessing = 0;
		};
		FBB4DC112CA9093800C84F47 /* Embed Foundation Extensions */ = {
			isa = PBXCopyFilesBuildPhase;
			buildActionMask = 2147483647;
			dstPath = "";
			dstSubfolderSpec = 13;
			files = (
				FBB4DC102CA9093800C84F47 /* TicTacToeWidgetWatch.appex in Embed Foundation Extensions */,
			);
			name = "Embed Foundation Extensions";
			runOnlyForDeploymentPostprocessing = 0;
		};
/* End PBXCopyFilesBuildPhase section */

/* Begin PBXFileReference section */
		FB7670C72CA78E2C002BC3C0 /* TicTacToeWidget.appex */ = {isa = PBXFileReference; explicitFileType = "wrapper.app-extension"; includeInIndex = 0; path = TicTacToeWidget.appex; sourceTree = BUILT_PRODUCTS_DIR; };
		FB7670C82CA78E2C002BC3C0 /* WidgetKit.framework */ = {isa = PBXFileReference; lastKnownFileType = wrapper.framework; name = WidgetKit.framework; path = /System/Library/Frameworks/WidgetKit.framework; sourceTree = "<absolute>"; };
		FB7670CA2CA78E2C002BC3C0 /* SwiftUI.framework */ = {isa = PBXFileReference; lastKnownFileType = wrapper.framework; name = SwiftUI.framework; path = /System/Library/Frameworks/SwiftUI.framework; sourceTree = "<absolute>"; };
		FB97AB812CA24817000AD13B /* TicTacToeWatch.app */ = {isa = PBXFileReference; explicitFileType = wrapper.application; includeInIndex = 0; path = TicTacToeWatch.app; sourceTree = BUILT_PRODUCTS_DIR; };
		FB9B4E702ABE91F300132FBA /* TicTacToe.app */ = {isa = PBXFileReference; explicitFileType = wrapper.application; includeInIndex = 0; path = TicTacToe.app; sourceTree = BUILT_PRODUCTS_DIR; };
		FBB0DA412CA25F95003681DE /* TicTacToeCore */ = {isa = PBXFileReference; lastKnownFileType = wrapper; path = TicTacToeCore; sourceTree = "<group>"; };
		FBB4DC052CA9093700C84F47 /* TicTacToeWidgetWatch.appex */ = {isa = PBXFileReference; explicitFileType = "wrapper.app-extension"; includeInIndex = 0; path = TicTacToeWidgetWatch.appex; sourceTree = BUILT_PRODUCTS_DIR; };
		FBCD74092CB108B8001CB7A7 /* TicTacToeWidgetCore */ = {isa = PBXFileReference; lastKnownFileType = wrapper; path = TicTacToeWidgetCore; sourceTree = "<group>"; };
/* End PBXFileReference section */

/* Begin PBXFileSystemSynchronizedBuildFileExceptionSet section */
		FB7670DC2CA78E2E002BC3C0 /* PBXFileSystemSynchronizedBuildFileExceptionSet */ = {
			isa = PBXFileSystemSynchronizedBuildFileExceptionSet;
			membershipExceptions = (
				Resources/Info.plist,
			);
			target = FB7670C62CA78E2C002BC3C0 /* TicTacToeWidget */;
		};
		FB97AB962CA2492E000AD13B /* PBXFileSystemSynchronizedBuildFileExceptionSet */ = {
			isa = PBXFileSystemSynchronizedBuildFileExceptionSet;
			membershipExceptions = (
				Resources/InfoPlist.xcstrings,
			);
			target = FB97AB802CA24817000AD13B /* TicTacToeWatch */;
		};
		FBB4DC152CA9093800C84F47 /* PBXFileSystemSynchronizedBuildFileExceptionSet */ = {
			isa = PBXFileSystemSynchronizedBuildFileExceptionSet;
			membershipExceptions = (
				Resources/Info.plist,
			);
			target = FBB4DC042CA9093700C84F47 /* TicTacToeWidgetWatch */;
		};
		FBD1E30B2C8EBD8B001F956A /* PBXFileSystemSynchronizedBuildFileExceptionSet */ = {
			isa = PBXFileSystemSynchronizedBuildFileExceptionSet;
			membershipExceptions = (
				Resources/Info.plist,
			);
			target = FB9B4E6F2ABE91F300132FBA /* TicTacToe */;
		};
/* End PBXFileSystemSynchronizedBuildFileExceptionSet section */

/* Begin PBXFileSystemSynchronizedRootGroup section */
		FB7670CC2CA78E2C002BC3C0 /* TicTacToeWidget */ = {isa = PBXFileSystemSynchronizedRootGroup; exceptions = (FB7670DC2CA78E2E002BC3C0 /* PBXFileSystemSynchronizedBuildFileExceptionSet */, ); explicitFileTypes = {}; explicitFolders = (); path = TicTacToeWidget; sourceTree = "<group>"; };
		FB97AB822CA24817000AD13B /* TicTacToeWatch */ = {isa = PBXFileSystemSynchronizedRootGroup; explicitFileTypes = {}; explicitFolders = (); path = TicTacToeWatch; sourceTree = "<group>"; };
		FBB4DC082CA9093700C84F47 /* TicTacToeWidgetWatch */ = {isa = PBXFileSystemSynchronizedRootGroup; exceptions = (FBB4DC152CA9093800C84F47 /* PBXFileSystemSynchronizedBuildFileExceptionSet */, ); explicitFileTypes = {}; explicitFolders = (); path = TicTacToeWidgetWatch; sourceTree = "<group>"; };
		FBD118A52C8D87470028803F /* TicTacToe */ = {isa = PBXFileSystemSynchronizedRootGroup; exceptions = (FBD1E30B2C8EBD8B001F956A /* PBXFileSystemSynchronizedBuildFileExceptionSet */, FB97AB962CA2492E000AD13B /* PBXFileSystemSynchronizedBuildFileExceptionSet */, ); explicitFileTypes = {}; explicitFolders = (); path = TicTacToe; sourceTree = "<group>"; };
/* End PBXFileSystemSynchronizedRootGroup section */

/* Begin PBXFrameworksBuildPhase section */
		FB7670C42CA78E2C002BC3C0 /* Frameworks */ = {
			isa = PBXFrameworksBuildPhase;
			buildActionMask = 2147483647;
			files = (
				FBCD740B2CB10B54001CB7A7 /* TicTacToeWidgetCore in Frameworks */,
				FB7670CB2CA78E2C002BC3C0 /* SwiftUI.framework in Frameworks */,
				FB7670C92CA78E2C002BC3C0 /* WidgetKit.framework in Frameworks */,
			);
			runOnlyForDeploymentPostprocessing = 0;
		};
		FB97AB7E2CA24817000AD13B /* Frameworks */ = {
			isa = PBXFrameworksBuildPhase;
			buildActionMask = 2147483647;
			files = (
				FBB0DA4A2CA26A42003681DE /* TicTacToeCore in Frameworks */,
			);
			runOnlyForDeploymentPostprocessing = 0;
		};
		FB9B4E6D2ABE91F300132FBA /* Frameworks */ = {
			isa = PBXFrameworksBuildPhase;
			buildActionMask = 2147483647;
			files = (
				FBB0DA4C2CA26A7D003681DE /* TicTacToeCore in Frameworks */,
			);
			runOnlyForDeploymentPostprocessing = 0;
		};
		FBB4DC022CA9093700C84F47 /* Frameworks */ = {
			isa = PBXFrameworksBuildPhase;
			buildActionMask = 2147483647;
			files = (
				FBCD740D2CB10B59001CB7A7 /* TicTacToeWidgetCore in Frameworks */,
				FBB4DC072CA9093700C84F47 /* SwiftUI.framework in Frameworks */,
				FBB4DC062CA9093700C84F47 /* WidgetKit.framework in Frameworks */,
			);
			runOnlyForDeploymentPostprocessing = 0;
		};
/* End PBXFrameworksBuildPhase section */

/* Begin PBXGroup section */
		FB9B4E672ABE91F300132FBA = {
			isa = PBXGroup;
			children = (
				FBB0DA412CA25F95003681DE /* TicTacToeCore */,
				FBCD74092CB108B8001CB7A7 /* TicTacToeWidgetCore */,
				FBD118A52C8D87470028803F /* TicTacToe */,
				FB97AB822CA24817000AD13B /* TicTacToeWatch */,
				FB7670CC2CA78E2C002BC3C0 /* TicTacToeWidget */,
				FBB4DC082CA9093700C84F47 /* TicTacToeWidgetWatch */,
				FBB0DA422CA25FDB003681DE /* Frameworks */,
				FB9B4E712ABE91F300132FBA /* Products */,
			);
			sourceTree = "<group>";
		};
		FB9B4E712ABE91F300132FBA /* Products */ = {
			isa = PBXGroup;
			children = (
				FB9B4E702ABE91F300132FBA /* TicTacToe.app */,
				FB97AB812CA24817000AD13B /* TicTacToeWatch.app */,
				FB7670C72CA78E2C002BC3C0 /* TicTacToeWidget.appex */,
				FBB4DC052CA9093700C84F47 /* TicTacToeWidgetWatch.appex */,
			);
			name = Products;
			sourceTree = "<group>";
		};
		FBB0DA422CA25FDB003681DE /* Frameworks */ = {
			isa = PBXGroup;
			children = (
				FB7670C82CA78E2C002BC3C0 /* WidgetKit.framework */,
				FB7670CA2CA78E2C002BC3C0 /* SwiftUI.framework */,
			);
			name = Frameworks;
			sourceTree = "<group>";
		};
/* End PBXGroup section */

/* Begin PBXNativeTarget section */
		FB7670C62CA78E2C002BC3C0 /* TicTacToeWidget */ = {
			isa = PBXNativeTarget;
			buildConfigurationList = FB7670DB2CA78E2E002BC3C0 /* Build configuration list for PBXNativeTarget "TicTacToeWidget" */;
			buildPhases = (
				FB7670C32CA78E2C002BC3C0 /* Sources */,
				FB7670C42CA78E2C002BC3C0 /* Frameworks */,
				FB7670C52CA78E2C002BC3C0 /* Resources */,
			);
			buildRules = (
			);
			dependencies = (
			);
			fileSystemSynchronizedGroups = (
				FB7670CC2CA78E2C002BC3C0 /* TicTacToeWidget */,
			);
			name = TicTacToeWidget;
			packageProductDependencies = (
				FBCD740A2CB10B54001CB7A7 /* TicTacToeWidgetCore */,
			);
			productName = TicTacToeWidgetExtension;
			productReference = FB7670C72CA78E2C002BC3C0 /* TicTacToeWidget.appex */;
			productType = "com.apple.product-type.app-extension";
		};
		FB97AB802CA24817000AD13B /* TicTacToeWatch */ = {
			isa = PBXNativeTarget;
			buildConfigurationList = FB97AB922CA24819000AD13B /* Build configuration list for PBXNativeTarget "TicTacToeWatch" */;
			buildPhases = (
				FB97AB7D2CA24817000AD13B /* Sources */,
				FB97AB7E2CA24817000AD13B /* Frameworks */,
				FB97AB7F2CA24817000AD13B /* Resources */,
				FBB4DC112CA9093800C84F47 /* Embed Foundation Extensions */,
			);
			buildRules = (
			);
			dependencies = (
				FBB4DC0F2CA9093800C84F47 /* PBXTargetDependency */,
			);
			fileSystemSynchronizedGroups = (
				FB97AB822CA24817000AD13B /* TicTacToeWatch */,
			);
			name = TicTacToeWatch;
			packageProductDependencies = (
				FBB0DA492CA26A42003681DE /* TicTacToeCore */,
			);
			productName = "TicTacToeWatch-for-iOS Watch App";
			productReference = FB97AB812CA24817000AD13B /* TicTacToeWatch.app */;
			productType = "com.apple.product-type.application";
		};
		FB9B4E6F2ABE91F300132FBA /* TicTacToe */ = {
			isa = PBXNativeTarget;
			buildConfigurationList = FB9B4E952ABE91F500132FBA /* Build configuration list for PBXNativeTarget "TicTacToe" */;
			buildPhases = (
				FB9B4E6C2ABE91F300132FBA /* Sources */,
				FB9B4E6D2ABE91F300132FBA /* Frameworks */,
				FB9B4E6E2ABE91F300132FBA /* Resources */,
				FB97AB8F2CA24819000AD13B /* Embed Watch Content */,
				FB7670D82CA78E2E002BC3C0 /* Embed Foundation Extensions */,
			);
			buildRules = (
			);
			dependencies = (
				FB97AB8D2CA24819000AD13B /* PBXTargetDependency */,
				FB7670D62CA78E2E002BC3C0 /* PBXTargetDependency */,
			);
			fileSystemSynchronizedGroups = (
				FBD118A52C8D87470028803F /* TicTacToe */,
			);
			name = TicTacToe;
			productName = TicTacToe;
			productReference = FB9B4E702ABE91F300132FBA /* TicTacToe.app */;
			productType = "com.apple.product-type.application";
		};
		FBB4DC042CA9093700C84F47 /* TicTacToeWidgetWatch */ = {
			isa = PBXNativeTarget;
			buildConfigurationList = FBB4DC142CA9093800C84F47 /* Build configuration list for PBXNativeTarget "TicTacToeWidgetWatch" */;
			buildPhases = (
				FBB4DC012CA9093700C84F47 /* Sources */,
				FBB4DC022CA9093700C84F47 /* Frameworks */,
				FBB4DC032CA9093700C84F47 /* Resources */,
			);
			buildRules = (
			);
			dependencies = (
			);
			fileSystemSynchronizedGroups = (
				FBB4DC082CA9093700C84F47 /* TicTacToeWidgetWatch */,
			);
			name = TicTacToeWidgetWatch;
			packageProductDependencies = (
				FBCD740C2CB10B59001CB7A7 /* TicTacToeWidgetCore */,
			);
			productName = TicTacToeWidgetWatchExtension;
			productReference = FBB4DC052CA9093700C84F47 /* TicTacToeWidgetWatch.appex */;
			productType = "com.apple.product-type.app-extension";
		};
/* End PBXNativeTarget section */

/* Begin PBXProject section */
		FB9B4E682ABE91F300132FBA /* Project object */ = {
			isa = PBXProject;
			attributes = {
				BuildIndependentTargetsInParallel = 1;
				LastSwiftUpdateCheck = 1610;
				LastUpgradeCheck = 2600;
				TargetAttributes = {
					FB7670C62CA78E2C002BC3C0 = {
						CreatedOnToolsVersion = 16.1;
					};
					FB97AB802CA24817000AD13B = {
						CreatedOnToolsVersion = 16.1;
					};
					FB9B4E6F2ABE91F300132FBA = {
						CreatedOnToolsVersion = 15.0;
					};
					FBB4DC042CA9093700C84F47 = {
						CreatedOnToolsVersion = 16.1;
					};
				};
			};
			buildConfigurationList = FB9B4E6B2ABE91F300132FBA /* Build configuration list for PBXProject "TicTacToe" */;
			compatibilityVersion = "Xcode 14.0";
			developmentRegion = en;
			hasScannedForEncodings = 0;
			knownRegions = (
				Base,
				ain,
				ang,
				ar,
				arz,
				bg,
				bn,
				bo,
				ca,
				cs,
				da,
				de,
				el,
				en,
				"en-AU",
				"en-GB",
				"en-IN",
				eo,
				es,
				"es-419",
				"es-US",
				fi,
				fr,
				"fr-CA",
				fro,
				gl,
				goh,
				gu,
				he,
				hi,
				hr,
				hu,
				id,
				it,
				"it-IT",
				ja,
				jam,
				jv,
				kk,
				kn,
				ko,
				"ko-CN",
				"ko-KP",
				"ko-KR",
				lt,
				ml,
				mr,
				ms,
				nb,
				nl,
				nqo,
				or,
				pa,
				pl,
				"pt-BR",
				"pt-PT",
				ro,
				ru,
				"ru-RU",
				sk,
				sl,
				sv,
				ta,
				te,
				th,
				tr,
				"tr-CY",
				"tr-TR",
				uk,
				ur,
				vi,
				vro,
				"zh-HK",
				"zh-Hans",
				"zh-Hans-JP",
				"zh-Hant",
				"zh-Hant-TW",
			);
			mainGroup = FB9B4E672ABE91F300132FBA;
			productRefGroup = FB9B4E712ABE91F300132FBA /* Products */;
			projectDirPath = "";
			projectRoot = "";
			targets = (
				FB9B4E6F2ABE91F300132FBA /* TicTacToe */,
				FB97AB802CA24817000AD13B /* TicTacToeWatch */,
				FB7670C62CA78E2C002BC3C0 /* TicTacToeWidget */,
				FBB4DC042CA9093700C84F47 /* TicTacToeWidgetWatch */,
			);
		};
/* End PBXProject section */

/* Begin PBXResourcesBuildPhase section */
		FB7670C52CA78E2C002BC3C0 /* Resources */ = {
			isa = PBXResourcesBuildPhase;
			buildActionMask = 2147483647;
			files = (
			);
			runOnlyForDeploymentPostprocessing = 0;
		};
		FB97AB7F2CA24817000AD13B /* Resources */ = {
			isa = PBXResourcesBuildPhase;
			buildActionMask = 2147483647;
			files = (
			);
			runOnlyForDeploymentPostprocessing = 0;
		};
		FB9B4E6E2ABE91F300132FBA /* Resources */ = {
			isa = PBXResourcesBuildPhase;
			buildActionMask = 2147483647;
			files = (
			);
			runOnlyForDeploymentPostprocessing = 0;
		};
		FBB4DC032CA9093700C84F47 /* Resources */ = {
			isa = PBXResourcesBuildPhase;
			buildActionMask = 2147483647;
			files = (
			);
			runOnlyForDeploymentPostprocessing = 0;
		};
/* End PBXResourcesBuildPhase section */

/* Begin PBXSourcesBuildPhase section */
		FB7670C32CA78E2C002BC3C0 /* Sources */ = {
			isa = PBXSourcesBuildPhase;
			buildActionMask = 2147483647;
			files = (
			);
			runOnlyForDeploymentPostprocessing = 0;
		};
		FB97AB7D2CA24817000AD13B /* Sources */ = {
			isa = PBXSourcesBuildPhase;
			buildActionMask = 2147483647;
			files = (
			);
			runOnlyForDeploymentPostprocessing = 0;
		};
		FB9B4E6C2ABE91F300132FBA /* Sources */ = {
			isa = PBXSourcesBuildPhase;
			buildActionMask = 2147483647;
			files = (
			);
			runOnlyForDeploymentPostprocessing = 0;
		};
		FBB4DC012CA9093700C84F47 /* Sources */ = {
			isa = PBXSourcesBuildPhase;
			buildActionMask = 2147483647;
			files = (
			);
			runOnlyForDeploymentPostprocessing = 0;
		};
/* End PBXSourcesBuildPhase section */

/* Begin PBXTargetDependency section */
		FB7670D62CA78E2E002BC3C0 /* PBXTargetDependency */ = {
			isa = PBXTargetDependency;
			target = FB7670C62CA78E2C002BC3C0 /* TicTacToeWidget */;
			targetProxy = FB7670D52CA78E2E002BC3C0 /* PBXContainerItemProxy */;
		};
		FB97AB8D2CA24819000AD13B /* PBXTargetDependency */ = {
			isa = PBXTargetDependency;
			platformFilter = ios;
			target = FB97AB802CA24817000AD13B /* TicTacToeWatch */;
			targetProxy = FB97AB8C2CA24819000AD13B /* PBXContainerItemProxy */;
		};
		FBB4DC0F2CA9093800C84F47 /* PBXTargetDependency */ = {
			isa = PBXTargetDependency;
			target = FBB4DC042CA9093700C84F47 /* TicTacToeWidgetWatch */;
			targetProxy = FBB4DC0E2CA9093800C84F47 /* PBXContainerItemProxy */;
		};
/* End PBXTargetDependency section */

/* Begin XCBuildConfiguration section */
		FB7670D92CA78E2E002BC3C0 /* Debug */ = {
			isa = XCBuildConfiguration;
			buildSettings = {
				ASSETCATALOG_COMPILER_GLOBAL_ACCENT_COLOR_NAME = AccentColor;
				ASSETCATALOG_COMPILER_WIDGET_BACKGROUND_COLOR_NAME = WidgetBackground;
				CODE_SIGN_ENTITLEMENTS = TicTacToeWidget/Resources/TicTacToeWidget.entitlements;
				CODE_SIGN_IDENTITY = "Apple Development";
				CODE_SIGN_STYLE = Automatic;
				CURRENT_PROJECT_VERSION = 1;
				ENABLE_HARDENED_RUNTIME = YES;
				GENERATE_INFOPLIST_FILE = YES;
				INFOPLIST_FILE = TicTacToeWidget/Resources/Info.plist;
				INFOPLIST_KEY_CFBundleDisplayName = TicTacToeWidget;
				INFOPLIST_KEY_NSHumanReadableCopyright = "";
				IPHONEOS_DEPLOYMENT_TARGET = 17.0;
				LD_RUNPATH_SEARCH_PATHS = (
					"$(inherited)",
					"@executable_path/Frameworks",
					"@executable_path/../../Frameworks",
				);
				"LD_RUNPATH_SEARCH_PATHS[sdk=macosx*]" = (
					"$(inherited)",
					"@executable_path/../Frameworks",
					"@executable_path/../../../../Frameworks",
				);
				MACOSX_DEPLOYMENT_TARGET = 14.0;
				PRODUCT_BUNDLE_IDENTIFIER = com.takehito.koshimizu.TicTacToe.TicTacToeWidget;
				PRODUCT_NAME = "$(TARGET_NAME)";
				PROVISIONING_PROFILE_SPECIFIER = "";
				SDKROOT = auto;
				SKIP_INSTALL = YES;
				SUPPORTED_PLATFORMS = "iphoneos iphonesimulator macosx";
				SUPPORTS_MACCATALYST = NO;
				SWIFT_EMIT_LOC_STRINGS = YES;
				SWIFT_VERSION = 5.0;
				TARGETED_DEVICE_FAMILY = "1,2";
				XROS_DEPLOYMENT_TARGET = 2.1;
			};
			name = Debug;
		};
		FB7670DA2CA78E2E002BC3C0 /* Release */ = {
			isa = XCBuildConfiguration;
			buildSettings = {
				ASSETCATALOG_COMPILER_GLOBAL_ACCENT_COLOR_NAME = AccentColor;
				ASSETCATALOG_COMPILER_WIDGET_BACKGROUND_COLOR_NAME = WidgetBackground;
				CODE_SIGN_ENTITLEMENTS = TicTacToeWidget/Resources/TicTacToeWidget.entitlements;
				CODE_SIGN_IDENTITY = "Apple Development";
				CODE_SIGN_STYLE = Automatic;
				CURRENT_PROJECT_VERSION = 1;
				ENABLE_HARDENED_RUNTIME = YES;
				GENERATE_INFOPLIST_FILE = YES;
				INFOPLIST_FILE = TicTacToeWidget/Resources/Info.plist;
				INFOPLIST_KEY_CFBundleDisplayName = TicTacToeWidget;
				INFOPLIST_KEY_NSHumanReadableCopyright = "";
				IPHONEOS_DEPLOYMENT_TARGET = 17.0;
				LD_RUNPATH_SEARCH_PATHS = (
					"$(inherited)",
					"@executable_path/Frameworks",
					"@executable_path/../../Frameworks",
				);
				"LD_RUNPATH_SEARCH_PATHS[sdk=macosx*]" = (
					"$(inherited)",
					"@executable_path/../Frameworks",
					"@executable_path/../../../../Frameworks",
				);
				MACOSX_DEPLOYMENT_TARGET = 14.0;
				PRODUCT_BUNDLE_IDENTIFIER = com.takehito.koshimizu.TicTacToe.TicTacToeWidget;
				PRODUCT_NAME = "$(TARGET_NAME)";
				PROVISIONING_PROFILE_SPECIFIER = "";
				SDKROOT = auto;
				SKIP_INSTALL = YES;
				SUPPORTED_PLATFORMS = "iphoneos iphonesimulator macosx";
				SUPPORTS_MACCATALYST = NO;
				SWIFT_EMIT_LOC_STRINGS = YES;
				SWIFT_VERSION = 5.0;
				TARGETED_DEVICE_FAMILY = "1,2";
				XROS_DEPLOYMENT_TARGET = 2.1;
			};
			name = Release;
		};
		FB97AB902CA24819000AD13B /* Debug */ = {
			isa = XCBuildConfiguration;
			buildSettings = {
				ASSETCATALOG_COMPILER_APPICON_NAME = TicTacToeAppIcon;
				ASSETCATALOG_COMPILER_GLOBAL_ACCENT_COLOR_NAME = AccentColor;
				ASSETCATALOG_COMPILER_INCLUDE_ALL_APPICON_ASSETS = YES;
				CODE_SIGN_IDENTITY = "Apple Development";
				CODE_SIGN_STYLE = Automatic;
				CURRENT_PROJECT_VERSION = 1;
				DEVELOPMENT_ASSET_PATHS = "\"TicTacToeWatch/Resources/Preview Content\"";
				ENABLE_PREVIEWS = YES;
				GENERATE_INFOPLIST_FILE = YES;
				INFOPLIST_KEY_CFBundleDisplayName = "TicTacToeWatch-for-iOS";
				INFOPLIST_KEY_UISupportedInterfaceOrientations = "UIInterfaceOrientationPortrait UIInterfaceOrientationPortraitUpsideDown";
				INFOPLIST_KEY_WKCompanionAppBundleIdentifier = com.takehito.koshimizu.TicTacToe;
				INFOPLIST_KEY_WKRunsIndependentlyOfCompanionApp = YES;
				LD_RUNPATH_SEARCH_PATHS = (
					"$(inherited)",
					"@executable_path/Frameworks",
				);
				PRODUCT_BUNDLE_IDENTIFIER = com.takehito.koshimizu.TicTacToe.watchkitapp;
				PRODUCT_NAME = "$(TARGET_NAME)";
				PROVISIONING_PROFILE_SPECIFIER = "";
				SDKROOT = watchos;
				SKIP_INSTALL = YES;
				SWIFT_EMIT_LOC_STRINGS = YES;
				SWIFT_VERSION = 6.0;
				TARGETED_DEVICE_FAMILY = 4;
				WATCHOS_DEPLOYMENT_TARGET = 10.0;
			};
			name = Debug;
		};
		FB97AB912CA24819000AD13B /* Release */ = {
			isa = XCBuildConfiguration;
			buildSettings = {
				ASSETCATALOG_COMPILER_APPICON_NAME = TicTacToeAppIcon;
				ASSETCATALOG_COMPILER_GLOBAL_ACCENT_COLOR_NAME = AccentColor;
				ASSETCATALOG_COMPILER_INCLUDE_ALL_APPICON_ASSETS = YES;
				CODE_SIGN_IDENTITY = "Apple Development";
				CODE_SIGN_STYLE = Automatic;
				CURRENT_PROJECT_VERSION = 1;
				DEVELOPMENT_ASSET_PATHS = "\"TicTacToeWatch/Resources/Preview Content\"";
				ENABLE_PREVIEWS = YES;
				GENERATE_INFOPLIST_FILE = YES;
				INFOPLIST_KEY_CFBundleDisplayName = "TicTacToeWatch-for-iOS";
				INFOPLIST_KEY_UISupportedInterfaceOrientations = "UIInterfaceOrientationPortrait UIInterfaceOrientationPortraitUpsideDown";
				INFOPLIST_KEY_WKCompanionAppBundleIdentifier = com.takehito.koshimizu.TicTacToe;
				INFOPLIST_KEY_WKRunsIndependentlyOfCompanionApp = YES;
				LD_RUNPATH_SEARCH_PATHS = (
					"$(inherited)",
					"@executable_path/Frameworks",
				);
				PRODUCT_BUNDLE_IDENTIFIER = com.takehito.koshimizu.TicTacToe.watchkitapp;
				PRODUCT_NAME = "$(TARGET_NAME)";
				PROVISIONING_PROFILE_SPECIFIER = "";
				SDKROOT = watchos;
				SKIP_INSTALL = YES;
				SWIFT_EMIT_LOC_STRINGS = YES;
				SWIFT_VERSION = 6.0;
				TARGETED_DEVICE_FAMILY = 4;
				VALIDATE_PRODUCT = YES;
				WATCHOS_DEPLOYMENT_TARGET = 10.0;
			};
			name = Release;
		};
		FB9B4E932ABE91F500132FBA /* Debug */ = {
			isa = XCBuildConfiguration;
			buildSettings = {
				ALWAYS_SEARCH_USER_PATHS = NO;
				ASSETCATALOG_COMPILER_GENERATE_SWIFT_ASSET_SYMBOL_EXTENSIONS = YES;
				CLANG_ANALYZER_LOCALIZABILITY_NONLOCALIZED = YES;
				CLANG_ANALYZER_NONNULL = YES;
				CLANG_ANALYZER_NUMBER_OBJECT_CONVERSION = YES_AGGRESSIVE;
				CLANG_CXX_LANGUAGE_STANDARD = "gnu++20";
				CLANG_ENABLE_MODULES = YES;
				CLANG_ENABLE_OBJC_ARC = YES;
				CLANG_ENABLE_OBJC_WEAK = YES;
				CLANG_WARN_BLOCK_CAPTURE_AUTORELEASING = YES;
				CLANG_WARN_BOOL_CONVERSION = YES;
				CLANG_WARN_COMMA = YES;
				CLANG_WARN_CONSTANT_CONVERSION = YES;
				CLANG_WARN_DEPRECATED_OBJC_IMPLEMENTATIONS = YES;
				CLANG_WARN_DIRECT_OBJC_ISA_USAGE = YES_ERROR;
				CLANG_WARN_DOCUMENTATION_COMMENTS = YES;
				CLANG_WARN_EMPTY_BODY = YES;
				CLANG_WARN_ENUM_CONVERSION = YES;
				CLANG_WARN_INFINITE_RECURSION = YES;
				CLANG_WARN_INT_CONVERSION = YES;
				CLANG_WARN_NON_LITERAL_NULL_CONVERSION = YES;
				CLANG_WARN_OBJC_IMPLICIT_RETAIN_SELF = YES;
				CLANG_WARN_OBJC_LITERAL_CONVERSION = YES;
				CLANG_WARN_OBJC_ROOT_CLASS = YES_ERROR;
				CLANG_WARN_QUOTED_INCLUDE_IN_FRAMEWORK_HEADER = YES;
				CLANG_WARN_RANGE_LOOP_ANALYSIS = YES;
				CLANG_WARN_STRICT_PROTOTYPES = YES;
				CLANG_WARN_SUSPICIOUS_MOVE = YES;
				CLANG_WARN_UNGUARDED_AVAILABILITY = YES_AGGRESSIVE;
				CLANG_WARN_UNREACHABLE_CODE = YES;
				CLANG_WARN__DUPLICATE_METHOD_MATCH = YES;
				COPY_PHASE_STRIP = NO;
				DEAD_CODE_STRIPPING = YES;
				DEBUG_INFORMATION_FORMAT = dwarf;
				DEVELOPMENT_TEAM = L2S68XMK99;
				ENABLE_STRICT_OBJC_MSGSEND = YES;
				ENABLE_TESTABILITY = YES;
				ENABLE_USER_SCRIPT_SANDBOXING = YES;
				GCC_C_LANGUAGE_STANDARD = gnu17;
				GCC_DYNAMIC_NO_PIC = NO;
				GCC_NO_COMMON_BLOCKS = YES;
				GCC_OPTIMIZATION_LEVEL = 0;
				GCC_PREPROCESSOR_DEFINITIONS = (
					"DEBUG=1",
					"$(inherited)",
				);
				GCC_WARN_64_TO_32_BIT_CONVERSION = YES;
				GCC_WARN_ABOUT_RETURN_TYPE = YES_ERROR;
				GCC_WARN_UNDECLARED_SELECTOR = YES;
				GCC_WARN_UNINITIALIZED_AUTOS = YES_AGGRESSIVE;
				GCC_WARN_UNUSED_FUNCTION = YES;
				GCC_WARN_UNUSED_VARIABLE = YES;
				LOCALIZATION_PREFERS_STRING_CATALOGS = YES;
				MARKETING_VERSION = 1.9.2;
				MTL_ENABLE_DEBUG_INFO = INCLUDE_SOURCE;
				MTL_FAST_MATH = YES;
				ONLY_ACTIVE_ARCH = YES;
				STRING_CATALOG_GENERATE_SYMBOLS = YES;
				SWIFT_ACTIVE_COMPILATION_CONDITIONS = "DEBUG $(inherited)";
				SWIFT_EMIT_LOC_STRINGS = YES;
				SWIFT_OPTIMIZATION_LEVEL = "-Onone";
				SWIFT_VERSION = 6.0;
			};
			name = Debug;
		};
		FB9B4E942ABE91F500132FBA /* Release */ = {
			isa = XCBuildConfiguration;
			buildSettings = {
				ALWAYS_SEARCH_USER_PATHS = NO;
				ASSETCATALOG_COMPILER_GENERATE_SWIFT_ASSET_SYMBOL_EXTENSIONS = YES;
				CLANG_ANALYZER_LOCALIZABILITY_NONLOCALIZED = YES;
				CLANG_ANALYZER_NONNULL = YES;
				CLANG_ANALYZER_NUMBER_OBJECT_CONVERSION = YES_AGGRESSIVE;
				CLANG_CXX_LANGUAGE_STANDARD = "gnu++20";
				CLANG_ENABLE_MODULES = YES;
				CLANG_ENABLE_OBJC_ARC = YES;
				CLANG_ENABLE_OBJC_WEAK = YES;
				CLANG_WARN_BLOCK_CAPTURE_AUTORELEASING = YES;
				CLANG_WARN_BOOL_CONVERSION = YES;
				CLANG_WARN_COMMA = YES;
				CLANG_WARN_CONSTANT_CONVERSION = YES;
				CLANG_WARN_DEPRECATED_OBJC_IMPLEMENTATIONS = YES;
				CLANG_WARN_DIRECT_OBJC_ISA_USAGE = YES_ERROR;
				CLANG_WARN_DOCUMENTATION_COMMENTS = YES;
				CLANG_WARN_EMPTY_BODY = YES;
				CLANG_WARN_ENUM_CONVERSION = YES;
				CLANG_WARN_INFINITE_RECURSION = YES;
				CLANG_WARN_INT_CONVERSION = YES;
				CLANG_WARN_NON_LITERAL_NULL_CONVERSION = YES;
				CLANG_WARN_OBJC_IMPLICIT_RETAIN_SELF = YES;
				CLANG_WARN_OBJC_LITERAL_CONVERSION = YES;
				CLANG_WARN_OBJC_ROOT_CLASS = YES_ERROR;
				CLANG_WARN_QUOTED_INCLUDE_IN_FRAMEWORK_HEADER = YES;
				CLANG_WARN_RANGE_LOOP_ANALYSIS = YES;
				CLANG_WARN_STRICT_PROTOTYPES = YES;
				CLANG_WARN_SUSPICIOUS_MOVE = YES;
				CLANG_WARN_UNGUARDED_AVAILABILITY = YES_AGGRESSIVE;
				CLANG_WARN_UNREACHABLE_CODE = YES;
				CLANG_WARN__DUPLICATE_METHOD_MATCH = YES;
				COPY_PHASE_STRIP = NO;
				DEAD_CODE_STRIPPING = YES;
				DEBUG_INFORMATION_FORMAT = "dwarf-with-dsym";
				DEVELOPMENT_TEAM = L2S68XMK99;
				ENABLE_NS_ASSERTIONS = NO;
				ENABLE_STRICT_OBJC_MSGSEND = YES;
				ENABLE_USER_SCRIPT_SANDBOXING = YES;
				GCC_C_LANGUAGE_STANDARD = gnu17;
				GCC_NO_COMMON_BLOCKS = YES;
				GCC_WARN_64_TO_32_BIT_CONVERSION = YES;
				GCC_WARN_ABOUT_RETURN_TYPE = YES_ERROR;
				GCC_WARN_UNDECLARED_SELECTOR = YES;
				GCC_WARN_UNINITIALIZED_AUTOS = YES_AGGRESSIVE;
				GCC_WARN_UNUSED_FUNCTION = YES;
				GCC_WARN_UNUSED_VARIABLE = YES;
				LOCALIZATION_PREFERS_STRING_CATALOGS = YES;
				MARKETING_VERSION = 1.9.2;
				MTL_ENABLE_DEBUG_INFO = NO;
				MTL_FAST_MATH = YES;
				STRING_CATALOG_GENERATE_SYMBOLS = YES;
				SWIFT_COMPILATION_MODE = wholemodule;
				SWIFT_EMIT_LOC_STRINGS = YES;
				SWIFT_VERSION = 6.0;
			};
			name = Release;
		};
		FB9B4E962ABE91F500132FBA /* Debug */ = {
			isa = XCBuildConfiguration;
			buildSettings = {
				ASSETCATALOG_COMPILER_APPICON_NAME = TicTacToeAppIcon;
				ASSETCATALOG_COMPILER_GLOBAL_ACCENT_COLOR_NAME = AccentColor;
				ASSETCATALOG_COMPILER_INCLUDE_ALL_APPICON_ASSETS = YES;
				CODE_SIGN_ENTITLEMENTS = TicTacToe/Resources/TicTacToe.entitlements;
				CODE_SIGN_IDENTITY = "Apple Development";
				CODE_SIGN_STYLE = Automatic;
				CURRENT_PROJECT_VERSION = 1;
				DEAD_CODE_STRIPPING = YES;
				DEVELOPMENT_ASSET_PATHS = "\"TicTacToe/Resources/Preview Content\"";
				ENABLE_APP_SANDBOX = YES;
				ENABLE_HARDENED_RUNTIME = YES;
				ENABLE_PREVIEWS = YES;
				ENABLE_USER_SELECTED_FILES = readonly;
				GENERATE_INFOPLIST_FILE = YES;
				INFOPLIST_FILE = TicTacToe/Resources/Info.plist;
				INFOPLIST_KEY_LSApplicationCategoryType = "public.app-category.games";
				"INFOPLIST_KEY_UIApplicationSceneManifest_Generation[sdk=iphoneos*]" = YES;
				"INFOPLIST_KEY_UIApplicationSceneManifest_Generation[sdk=iphonesimulator*]" = YES;
				"INFOPLIST_KEY_UIApplicationSupportsIndirectInputEvents[sdk=iphoneos*]" = YES;
				"INFOPLIST_KEY_UIApplicationSupportsIndirectInputEvents[sdk=iphonesimulator*]" = YES;
				"INFOPLIST_KEY_UILaunchScreen_Generation[sdk=iphoneos*]" = YES;
				"INFOPLIST_KEY_UILaunchScreen_Generation[sdk=iphonesimulator*]" = YES;
				"INFOPLIST_KEY_UIStatusBarStyle[sdk=iphoneos*]" = UIStatusBarStyleDefault;
				"INFOPLIST_KEY_UIStatusBarStyle[sdk=iphonesimulator*]" = UIStatusBarStyleDefault;
				INFOPLIST_KEY_UISupportedInterfaceOrientations = UIInterfaceOrientationPortrait;
				INFOPLIST_KEY_UISupportedInterfaceOrientations_iPad = "UIInterfaceOrientationLandscapeLeft UIInterfaceOrientationLandscapeRight UIInterfaceOrientationPortrait UIInterfaceOrientationPortraitUpsideDown";
				IPHONEOS_DEPLOYMENT_TARGET = 17.0;
				LD_RUNPATH_SEARCH_PATHS = "@executable_path/Frameworks";
				"LD_RUNPATH_SEARCH_PATHS[sdk=macosx*]" = "@executable_path/../Frameworks";
				MACOSX_DEPLOYMENT_TARGET = 14.0;
				PRODUCT_BUNDLE_IDENTIFIER = com.takehito.koshimizu.TicTacToe;
				PRODUCT_NAME = "$(TARGET_NAME)";
				PROVISIONING_PROFILE_SPECIFIER = "";
				SDKROOT = auto;
				SUPPORTED_PLATFORMS = "iphoneos iphonesimulator macosx";
				SWIFT_EMIT_LOC_STRINGS = YES;
				SWIFT_VERSION = 6.0;
				TARGETED_DEVICE_FAMILY = "1,2";
			};
			name = Debug;
		};
		FB9B4E972ABE91F500132FBA /* Release */ = {
			isa = XCBuildConfiguration;
			buildSettings = {
				ASSETCATALOG_COMPILER_APPICON_NAME = TicTacToeAppIcon;
				ASSETCATALOG_COMPILER_GLOBAL_ACCENT_COLOR_NAME = AccentColor;
				ASSETCATALOG_COMPILER_INCLUDE_ALL_APPICON_ASSETS = YES;
				CODE_SIGN_ENTITLEMENTS = TicTacToe/Resources/TicTacToe.entitlements;
				CODE_SIGN_IDENTITY = "Apple Development";
				CODE_SIGN_STYLE = Automatic;
				CURRENT_PROJECT_VERSION = 1;
				DEAD_CODE_STRIPPING = YES;
				DEVELOPMENT_ASSET_PATHS = "\"TicTacToe/Resources/Preview Content\"";
				ENABLE_APP_SANDBOX = YES;
				ENABLE_HARDENED_RUNTIME = YES;
				ENABLE_PREVIEWS = YES;
				ENABLE_USER_SELECTED_FILES = readonly;
				GENERATE_INFOPLIST_FILE = YES;
				INFOPLIST_FILE = TicTacToe/Resources/Info.plist;
				INFOPLIST_KEY_LSApplicationCategoryType = "public.app-category.games";
				"INFOPLIST_KEY_UIApplicationSceneManifest_Generation[sdk=iphoneos*]" = YES;
				"INFOPLIST_KEY_UIApplicationSceneManifest_Generation[sdk=iphonesimulator*]" = YES;
				"INFOPLIST_KEY_UIApplicationSupportsIndirectInputEvents[sdk=iphoneos*]" = YES;
				"INFOPLIST_KEY_UIApplicationSupportsIndirectInputEvents[sdk=iphonesimulator*]" = YES;
				"INFOPLIST_KEY_UILaunchScreen_Generation[sdk=iphoneos*]" = YES;
				"INFOPLIST_KEY_UILaunchScreen_Generation[sdk=iphonesimulator*]" = YES;
				"INFOPLIST_KEY_UIStatusBarStyle[sdk=iphoneos*]" = UIStatusBarStyleDefault;
				"INFOPLIST_KEY_UIStatusBarStyle[sdk=iphonesimulator*]" = UIStatusBarStyleDefault;
				INFOPLIST_KEY_UISupportedInterfaceOrientations = UIInterfaceOrientationPortrait;
				INFOPLIST_KEY_UISupportedInterfaceOrientations_iPad = "UIInterfaceOrientationLandscapeLeft UIInterfaceOrientationLandscapeRight UIInterfaceOrientationPortrait UIInterfaceOrientationPortraitUpsideDown";
				IPHONEOS_DEPLOYMENT_TARGET = 17.0;
				LD_RUNPATH_SEARCH_PATHS = "@executable_path/Frameworks";
				"LD_RUNPATH_SEARCH_PATHS[sdk=macosx*]" = "@executable_path/../Frameworks";
				MACOSX_DEPLOYMENT_TARGET = 14.0;
				PRODUCT_BUNDLE_IDENTIFIER = com.takehito.koshimizu.TicTacToe;
				PRODUCT_NAME = "$(TARGET_NAME)";
				PROVISIONING_PROFILE_SPECIFIER = "";
				SDKROOT = auto;
				SUPPORTED_PLATFORMS = "iphoneos iphonesimulator macosx";
				SWIFT_EMIT_LOC_STRINGS = YES;
				SWIFT_VERSION = 6.0;
				TARGETED_DEVICE_FAMILY = "1,2";
			};
			name = Release;
		};
		FBB4DC122CA9093800C84F47 /* Debug */ = {
			isa = XCBuildConfiguration;
			buildSettings = {
				ASSETCATALOG_COMPILER_GLOBAL_ACCENT_COLOR_NAME = AccentColor;
				ASSETCATALOG_COMPILER_WIDGET_BACKGROUND_COLOR_NAME = WidgetBackground;
				CODE_SIGN_IDENTITY = "Apple Development";
				CODE_SIGN_STYLE = Automatic;
				CURRENT_PROJECT_VERSION = 1;
				GENERATE_INFOPLIST_FILE = YES;
				INFOPLIST_FILE = TicTacToeWidgetWatch/Resources/Info.plist;
				INFOPLIST_KEY_CFBundleDisplayName = TicTacToeWidgetWatch;
				INFOPLIST_KEY_NSHumanReadableCopyright = "";
				LD_RUNPATH_SEARCH_PATHS = (
					"$(inherited)",
					"@executable_path/Frameworks",
					"@executable_path/../../Frameworks",
					"@executable_path/../../../../Frameworks",
				);
				PRODUCT_BUNDLE_IDENTIFIER = com.takehito.koshimizu.TicTacToe.watchkitapp.TicTacToeWidgetWatch;
				PRODUCT_NAME = "$(TARGET_NAME)";
				PROVISIONING_PROFILE_SPECIFIER = "";
				SDKROOT = watchos;
				SKIP_INSTALL = YES;
				SWIFT_EMIT_LOC_STRINGS = YES;
				SWIFT_VERSION = 5.0;
				TARGETED_DEVICE_FAMILY = 4;
				WATCHOS_DEPLOYMENT_TARGET = 10.0;
			};
			name = Debug;
		};
		FBB4DC132CA9093800C84F47 /* Release */ = {
			isa = XCBuildConfiguration;
			buildSettings = {
				ASSETCATALOG_COMPILER_GLOBAL_ACCENT_COLOR_NAME = AccentColor;
				ASSETCATALOG_COMPILER_WIDGET_BACKGROUND_COLOR_NAME = WidgetBackground;
				CODE_SIGN_IDENTITY = "Apple Development";
				CODE_SIGN_STYLE = Automatic;
				CURRENT_PROJECT_VERSION = 1;
				GENERATE_INFOPLIST_FILE = YES;
				INFOPLIST_FILE = TicTacToeWidgetWatch/Resources/Info.plist;
				INFOPLIST_KEY_CFBundleDisplayName = TicTacToeWidgetWatch;
				INFOPLIST_KEY_NSHumanReadableCopyright = "";
				LD_RUNPATH_SEARCH_PATHS = (
					"$(inherited)",
					"@executable_path/Frameworks",
					"@executable_path/../../Frameworks",
					"@executable_path/../../../../Frameworks",
				);
				PRODUCT_BUNDLE_IDENTIFIER = com.takehito.koshimizu.TicTacToe.watchkitapp.TicTacToeWidgetWatch;
				PRODUCT_NAME = "$(TARGET_NAME)";
				PROVISIONING_PROFILE_SPECIFIER = "";
				SDKROOT = watchos;
				SKIP_INSTALL = YES;
				SWIFT_EMIT_LOC_STRINGS = YES;
				SWIFT_VERSION = 5.0;
				TARGETED_DEVICE_FAMILY = 4;
				VALIDATE_PRODUCT = YES;
				WATCHOS_DEPLOYMENT_TARGET = 10.0;
			};
			name = Release;
		};
/* End XCBuildConfiguration section */

/* Begin XCConfigurationList section */
		FB7670DB2CA78E2E002BC3C0 /* Build configuration list for PBXNativeTarget "TicTacToeWidget" */ = {
			isa = XCConfigurationList;
			buildConfigurations = (
				FB7670D92CA78E2E002BC3C0 /* Debug */,
				FB7670DA2CA78E2E002BC3C0 /* Release */,
			);
			defaultConfigurationIsVisible = 0;
			defaultConfigurationName = Release;
		};
		FB97AB922CA24819000AD13B /* Build configuration list for PBXNativeTarget "TicTacToeWatch" */ = {
			isa = XCConfigurationList;
			buildConfigurations = (
				FB97AB902CA24819000AD13B /* Debug */,
				FB97AB912CA24819000AD13B /* Release */,
			);
			defaultConfigurationIsVisible = 0;
			defaultConfigurationName = Release;
		};
		FB9B4E6B2ABE91F300132FBA /* Build configuration list for PBXProject "TicTacToe" */ = {
			isa = XCConfigurationList;
			buildConfigurations = (
				FB9B4E932ABE91F500132FBA /* Debug */,
				FB9B4E942ABE91F500132FBA /* Release */,
			);
			defaultConfigurationIsVisible = 0;
			defaultConfigurationName = Release;
		};
		FB9B4E952ABE91F500132FBA /* Build configuration list for PBXNativeTarget "TicTacToe" */ = {
			isa = XCConfigurationList;
			buildConfigurations = (
				FB9B4E962ABE91F500132FBA /* Debug */,
				FB9B4E972ABE91F500132FBA /* Release */,
			);
			defaultConfigurationIsVisible = 0;
			defaultConfigurationName = Release;
		};
		FBB4DC142CA9093800C84F47 /* Build configuration list for PBXNativeTarget "TicTacToeWidgetWatch" */ = {
			isa = XCConfigurationList;
			buildConfigurations = (
				FBB4DC122CA9093800C84F47 /* Debug */,
				FBB4DC132CA9093800C84F47 /* Release */,
			);
			defaultConfigurationIsVisible = 0;
			defaultConfigurationName = Release;
		};
/* End XCConfigurationList section */

/* Begin XCSwiftPackageProductDependency section */
		FBB0DA492CA26A42003681DE /* TicTacToeCore */ = {
			isa = XCSwiftPackageProductDependency;
			productName = TicTacToeCore;
		};
		FBB0DA4B2CA26A7D003681DE /* TicTacToeCore */ = {
			isa = XCSwiftPackageProductDependency;
			productName = TicTacToeCore;
		};
		FBCD740A2CB10B54001CB7A7 /* TicTacToeWidgetCore */ = {
			isa = XCSwiftPackageProductDependency;
			productName = TicTacToeWidgetCore;
		};
		FBCD740C2CB10B59001CB7A7 /* TicTacToeWidgetCore */ = {
			isa = XCSwiftPackageProductDependency;
			productName = TicTacToeWidgetCore;
		};
/* End XCSwiftPackageProductDependency section */
	};
	rootObject = FB9B4E682ABE91F300132FBA /* Project object */;
}
